// !$*UTF8*$!
{
	archiveVersion = 1;
	classes = {
	};
	objectVersion = 46;
	objects = {

/* Begin PBXBuildFile section */
		205D469EFC17F9EAE67FAA0A /* Pods_Cooking.framework in Frameworks */ = {isa = PBXBuildFile; fileRef = 00CC375C299491EE41BC3CF7 /* Pods_Cooking.framework */; };
		7C054C491E239E2B005ECD3F /* UNWFoodDetailViewController.m in Sources */ = {isa = PBXBuildFile; fileRef = 7C054C471E239E2B005ECD3F /* UNWFoodDetailViewController.m */; };
		7C054C4F1E23A8CD005ECD3F /* bt_playlist_play_normal@2x.png in Resources */ = {isa = PBXBuildFile; fileRef = 7C054C4B1E23A8CD005ECD3F /* bt_playlist_play_normal@2x.png */; };
		7C054C501E23A8CD005ECD3F /* bt_playlist_play_normal@3x.png in Resources */ = {isa = PBXBuildFile; fileRef = 7C054C4C1E23A8CD005ECD3F /* bt_playlist_play_normal@3x.png */; };
		7C054C511E23A8CD005ECD3F /* bt_playlist_play_press@2x.png in Resources */ = {isa = PBXBuildFile; fileRef = 7C054C4D1E23A8CD005ECD3F /* bt_playlist_play_press@2x.png */; };
		7C054C521E23A8CD005ECD3F /* bt_playlist_play_press@3x.png in Resources */ = {isa = PBXBuildFile; fileRef = 7C054C4E1E23A8CD005ECD3F /* bt_playlist_play_press@3x.png */; };
		7C054C571E23AB73005ECD3F /* bt_banner_closed0_normal@2x.png in Resources */ = {isa = PBXBuildFile; fileRef = 7C054C531E23AB73005ECD3F /* bt_banner_closed0_normal@2x.png */; };
		7C054C581E23AB73005ECD3F /* bt_banner_closed0_normal@3x.png in Resources */ = {isa = PBXBuildFile; fileRef = 7C054C541E23AB73005ECD3F /* bt_banner_closed0_normal@3x.png */; };
		7C054C591E23AB73005ECD3F /* bt_banner_closed0_press@2x.png in Resources */ = {isa = PBXBuildFile; fileRef = 7C054C551E23AB73005ECD3F /* bt_banner_closed0_press@2x.png */; };
		7C054C5A1E23AB73005ECD3F /* bt_banner_closed0_press@3x.png in Resources */ = {isa = PBXBuildFile; fileRef = 7C054C561E23AB73005ECD3F /* bt_banner_closed0_press@3x.png */; };
		7C054C5E1E23ABA2005ECD3F /* bt_listen-knowledge_like_button_hl@2x.png in Resources */ = {isa = PBXBuildFile; fileRef = 7C054C5B1E23ABA2005ECD3F /* bt_listen-knowledge_like_button_hl@2x.png */; };
		7C054C5F1E23ABA2005ECD3F /* bt_listen-knowledge_like_button_normal@2x.png in Resources */ = {isa = PBXBuildFile; fileRef = 7C054C5C1E23ABA2005ECD3F /* bt_listen-knowledge_like_button_normal@2x.png */; };
		7C054C601E23ABA2005ECD3F /* bt_listen-knowledge_like_button_press@2x.png in Resources */ = {isa = PBXBuildFile; fileRef = 7C054C5D1E23ABA2005ECD3F /* bt_listen-knowledge_like_button_press@2x.png */; };
		7C054C631E23B2E8005ECD3F /* bt_listen-knowledge_share_button_normal@2x.png in Resources */ = {isa = PBXBuildFile; fileRef = 7C054C611E23B2E8005ECD3F /* bt_listen-knowledge_share_button_normal@2x.png */; };
		7C054C641E23B2E8005ECD3F /* bt_listen-knowledge_share_button_press@2x.png in Resources */ = {isa = PBXBuildFile; fileRef = 7C054C621E23B2E8005ECD3F /* bt_listen-knowledge_share_button_press@2x.png */; };
		7C054C681E23B64F005ECD3F /* UNDietDetailViewController.m in Sources */ = {isa = PBXBuildFile; fileRef = 7C054C661E23B64F005ECD3F /* UNDietDetailViewController.m */; };
		7C054C691E23B64F005ECD3F /* UNDietDetailViewController.xib in Resources */ = {isa = PBXBuildFile; fileRef = 7C054C671E23B64F005ECD3F /* UNDietDetailViewController.xib */; };
		7C1244891E248C2A0071A8CC /* HomeMenuModel.m in Sources */ = {isa = PBXBuildFile; fileRef = 7C1244881E248C2A0071A8CC /* HomeMenuModel.m */; };
		7C12448D1E24ABD00071A8CC /* UNHomeCollectionViewCell.m in Sources */ = {isa = PBXBuildFile; fileRef = 7C12448B1E24ABD00071A8CC /* UNHomeCollectionViewCell.m */; };
		7C12448E1E24ABD00071A8CC /* UNHomeCollectionViewCell.xib in Resources */ = {isa = PBXBuildFile; fileRef = 7C12448C1E24ABD00071A8CC /* UNHomeCollectionViewCell.xib */; };
		7C1244911E24B9940071A8CC /* HomeListModel.m in Sources */ = {isa = PBXBuildFile; fileRef = 7C1244901E24B9940071A8CC /* HomeListModel.m */; };
		7C1244951E24C2660071A8CC /* UNHomeListCell.m in Sources */ = {isa = PBXBuildFile; fileRef = 7C1244931E24C2660071A8CC /* UNHomeListCell.m */; };
		7C1244961E24C2660071A8CC /* UNHomeListCell.xib in Resources */ = {isa = PBXBuildFile; fileRef = 7C1244941E24C2660071A8CC /* UNHomeListCell.xib */; };
		7C1244991E24D0BE0071A8CC /* UNHomeMenuListController.m in Sources */ = {isa = PBXBuildFile; fileRef = 7C1244981E24D0BE0071A8CC /* UNHomeMenuListController.m */; };
		7C12449E1E24D0E80071A8CC /* UNMenuListCell.m in Sources */ = {isa = PBXBuildFile; fileRef = 7C12449C1E24D0E80071A8CC /* UNMenuListCell.m */; };
		7C12449F1E24D0E80071A8CC /* UNMenuListCell.xib in Resources */ = {isa = PBXBuildFile; fileRef = 7C12449D1E24D0E80071A8CC /* UNMenuListCell.xib */; };
		7C4194261E25BE7500F505A2 /* UNDietBaiKeModel.m in Sources */ = {isa = PBXBuildFile; fileRef = 7C4194251E25BE7500F505A2 /* UNDietBaiKeModel.m */; };
		7C4194291E25C3DB00F505A2 /* UNDietBaikePageController.m in Sources */ = {isa = PBXBuildFile; fileRef = 7C4194281E25C3DB00F505A2 /* UNDietBaikePageController.m */; };
		7C41942C1E25CB6D00F505A2 /* UNDietBaikeListController.m in Sources */ = {isa = PBXBuildFile; fileRef = 7C41942B1E25CB6D00F505A2 /* UNDietBaikeListController.m */; };
		7C4194301E25CB8E00F505A2 /* UNDietBaikeCell.m in Sources */ = {isa = PBXBuildFile; fileRef = 7C41942E1E25CB8E00F505A2 /* UNDietBaikeCell.m */; };
		7C4194311E25CB8E00F505A2 /* UNDietBaikeCell.xib in Resources */ = {isa = PBXBuildFile; fileRef = 7C41942F1E25CB8E00F505A2 /* UNDietBaikeCell.xib */; };
		7C4194361E25CCEB00F505A2 /* ms_caipu_level_un@2x.png in Resources */ = {isa = PBXBuildFile; fileRef = 7C4194321E25CCEB00F505A2 /* ms_caipu_level_un@2x.png */; };
		7C4194371E25CCEB00F505A2 /* ms_caipu_level_un@3x.png in Resources */ = {isa = PBXBuildFile; fileRef = 7C4194331E25CCEB00F505A2 /* ms_caipu_level_un@3x.png */; };
		7C4194381E25CCEB00F505A2 /* ms_caipu_level@2x.png in Resources */ = {isa = PBXBuildFile; fileRef = 7C4194341E25CCEB00F505A2 /* ms_caipu_level@2x.png */; };
		7C4194391E25CCEB00F505A2 /* ms_caipu_level@3x.png in Resources */ = {isa = PBXBuildFile; fileRef = 7C4194351E25CCEB00F505A2 /* ms_caipu_level@3x.png */; };
		7C4194461E25D6F000F505A2 /* fav_sx_icon_36.png in Resources */ = {isa = PBXBuildFile; fileRef = 7C4194451E25D6F000F505A2 /* fav_sx_icon_36.png */; };
		7C41944C1E25E07100F505A2 /* UnDietBaikeDetailWebController.m in Sources */ = {isa = PBXBuildFile; fileRef = 7C41944A1E25E07100F505A2 /* UnDietBaikeDetailWebController.m */; };
		7C41944D1E25E07100F505A2 /* UnDietBaikeDetailWebController.xib in Resources */ = {isa = PBXBuildFile; fileRef = 7C41944B1E25E07100F505A2 /* UnDietBaikeDetailWebController.xib */; };
		7C41944F1E260B8600F505A2 /* ms_xiala@2x.png in Resources */ = {isa = PBXBuildFile; fileRef = 7C41944E1E260B8600F505A2 /* ms_xiala@2x.png */; };
		7C6BBD051E1F2461007A2435 /* NSObject+Parse.m in Sources */ = {isa = PBXBuildFile; fileRef = 7C6BBD001E1F2461007A2435 /* NSObject+Parse.m */; };
		7C6BBD061E1F2461007A2435 /* UIColor+RandomColor.m in Sources */ = {isa = PBXBuildFile; fileRef = 7C6BBD021E1F2461007A2435 /* UIColor+RandomColor.m */; };
		7C6BBD071E1F2461007A2435 /* UIView+HUD.m in Sources */ = {isa = PBXBuildFile; fileRef = 7C6BBD041E1F2461007A2435 /* UIView+HUD.m */; };
		7C6BBD271E1F2483007A2435 /* BaseNetManager.m in Sources */ = {isa = PBXBuildFile; fileRef = 7C6BBD0B1E1F2483007A2435 /* BaseNetManager.m */; };
		7C6BBD281E1F2483007A2435 /* NetManager.m in Sources */ = {isa = PBXBuildFile; fileRef = 7C6BBD0D1E1F2483007A2435 /* NetManager.m */; };
		7C6BBD291E1F2483007A2435 /* FLAnimatedImage.m in Sources */ = {isa = PBXBuildFile; fileRef = 7C6BBD121E1F2483007A2435 /* FLAnimatedImage.m */; };
		7C6BBD2A1E1F2483007A2435 /* FLAnimatedImageView.m in Sources */ = {isa = PBXBuildFile; fileRef = 7C6BBD141E1F2483007A2435 /* FLAnimatedImageView.m */; };
		7C6BBD2B1E1F2483007A2435 /* Info.plist in Resources */ = {isa = PBXBuildFile; fileRef = 7C6BBD151E1F2483007A2435 /* Info.plist */; };
		7C6BBD2C1E1F2483007A2435 /* iCarousel.m in Sources */ = {isa = PBXBuildFile; fileRef = 7C6BBD181E1F2483007A2435 /* iCarousel.m */; };
		7C6BBD2D1E1F2483007A2435 /* WMMenuItem.m in Sources */ = {isa = PBXBuildFile; fileRef = 7C6BBD1D1E1F2483007A2435 /* WMMenuItem.m */; };
		7C6BBD2E1E1F2483007A2435 /* WMMenuView.m in Sources */ = {isa = PBXBuildFile; fileRef = 7C6BBD1F1E1F2483007A2435 /* WMMenuView.m */; };
		7C6BBD2F1E1F2483007A2435 /* WMProgressView.m in Sources */ = {isa = PBXBuildFile; fileRef = 7C6BBD211E1F2483007A2435 /* WMProgressView.m */; };
		7C6BBD301E1F2483007A2435 /* WMScrollView.m in Sources */ = {isa = PBXBuildFile; fileRef = 7C6BBD231E1F2483007A2435 /* WMScrollView.m */; };
		7C6BBD311E1F2483007A2435 /* WMPageController.m in Sources */ = {isa = PBXBuildFile; fileRef = 7C6BBD261E1F2483007A2435 /* WMPageController.m */; };
		7C6BBD601E1F3692007A2435 /* CookingStyleModel.m in Sources */ = {isa = PBXBuildFile; fileRef = 7C6BBD5F1E1F3692007A2435 /* CookingStyleModel.m */; };
		7C6BBD631E1F3DC5007A2435 /* UNMainTarBarController.m in Sources */ = {isa = PBXBuildFile; fileRef = 7C6BBD621E1F3DC5007A2435 /* UNMainTarBarController.m */; };
		7C6BBD661E1F3DD9007A2435 /* UNBaseNavController.m in Sources */ = {isa = PBXBuildFile; fileRef = 7C6BBD651E1F3DD9007A2435 /* UNBaseNavController.m */; };
		7C6BBD691E1F3EC6007A2435 /* UNMineViewController.m in Sources */ = {isa = PBXBuildFile; fileRef = 7C6BBD681E1F3EC6007A2435 /* UNMineViewController.m */; };
		7C6BBD721E1F3F23007A2435 /* UNHomeTableViewController.m in Sources */ = {isa = PBXBuildFile; fileRef = 7C6BBD711E1F3F23007A2435 /* UNHomeTableViewController.m */; };
		7C6BBD761E1F469F007A2435 /* UNCookingStyleCell.m in Sources */ = {isa = PBXBuildFile; fileRef = 7C6BBD741E1F469F007A2435 /* UNCookingStyleCell.m */; };
		7C6BBD771E1F469F007A2435 /* UNCookingStyleCell.xib in Resources */ = {isa = PBXBuildFile; fileRef = 7C6BBD751E1F469F007A2435 /* UNCookingStyleCell.xib */; };
		7C6BBD7F1E1F4882007A2435 /* bt_all_normal@2x.png in Resources */ = {isa = PBXBuildFile; fileRef = 7C6BBD7D1E1F4882007A2435 /* bt_all_normal@2x.png */; };
		7C6BBD801E1F4882007A2435 /* bt_all_normal@3x.png in Resources */ = {isa = PBXBuildFile; fileRef = 7C6BBD7E1E1F4882007A2435 /* bt_all_normal@3x.png */; };
		7C6BBD841E1F49FE007A2435 /* UNCookFoodCollectionCell.m in Sources */ = {isa = PBXBuildFile; fileRef = 7C6BBD821E1F49FE007A2435 /* UNCookFoodCollectionCell.m */; };
		7C6BBD851E1F49FE007A2435 /* UNCookFoodCollectionCell.xib in Resources */ = {isa = PBXBuildFile; fileRef = 7C6BBD831E1F49FE007A2435 /* UNCookFoodCollectionCell.xib */; };
		7C6BBD871E1F5A0F007A2435 /* background_image.jpeg in Resources */ = {isa = PBXBuildFile; fileRef = 7C6BBD861E1F5A0F007A2435 /* background_image.jpeg */; };
		7C6BBD8A1E1FA659007A2435 /* UNAllFoodsListController.m in Sources */ = {isa = PBXBuildFile; fileRef = 7C6BBD891E1FA659007A2435 /* UNAllFoodsListController.m */; };
		7C6BBD8E1E1FA6B3007A2435 /* UNFoodCell.m in Sources */ = {isa = PBXBuildFile; fileRef = 7C6BBD8C1E1FA6B3007A2435 /* UNFoodCell.m */; };
		7C6BBD8F1E1FA6B3007A2435 /* UNFoodCell.xib in Resources */ = {isa = PBXBuildFile; fileRef = 7C6BBD8D1E1FA6B3007A2435 /* UNFoodCell.xib */; };
		7CCA55481E20E111008DF870 /* ms_caipu_time@2x.png in Resources */ = {isa = PBXBuildFile; fileRef = 7CCA55461E20E111008DF870 /* ms_caipu_time@2x.png */; };
		7CCA55491E20E111008DF870 /* ms_caipu_time@3x.png in Resources */ = {isa = PBXBuildFile; fileRef = 7CCA55471E20E111008DF870 /* ms_caipu_time@3x.png */; };
		7CCA554C1E20E57B008DF870 /* topbtn_on@2x.png in Resources */ = {isa = PBXBuildFile; fileRef = 7CCA554A1E20E57B008DF870 /* topbtn_on@2x.png */; };
		7CCA554D1E20E57B008DF870 /* topbtn_on@3x.png in Resources */ = {isa = PBXBuildFile; fileRef = 7CCA554B1E20E57B008DF870 /* topbtn_on@3x.png */; };
		7CCA55501E20E588008DF870 /* back_top_icon_gray@2x.png in Resources */ = {isa = PBXBuildFile; fileRef = 7CCA554E1E20E588008DF870 /* back_top_icon_gray@2x.png */; };
		7CCA55511E20E588008DF870 /* back_top_icon_gray@3x.png in Resources */ = {isa = PBXBuildFile; fileRef = 7CCA554F1E20E588008DF870 /* back_top_icon_gray@3x.png */; };
		7CF8D5751E1EB0A500041DAB /* main.m in Sources */ = {isa = PBXBuildFile; fileRef = 7CF8D5741E1EB0A500041DAB /* main.m */; };
		7CF8D5781E1EB0A500041DAB /* AppDelegate.m in Sources */ = {isa = PBXBuildFile; fileRef = 7CF8D5771E1EB0A500041DAB /* AppDelegate.m */; };
		7CF8D57E1E1EB0A500041DAB /* Main.storyboard in Resources */ = {isa = PBXBuildFile; fileRef = 7CF8D57C1E1EB0A500041DAB /* Main.storyboard */; };
		7CF8D5801E1EB0A500041DAB /* Assets.xcassets in Resources */ = {isa = PBXBuildFile; fileRef = 7CF8D57F1E1EB0A500041DAB /* Assets.xcassets */; };
		7CF8D5831E1EB0A500041DAB /* LaunchScreen.storyboard in Resources */ = {isa = PBXBuildFile; fileRef = 7CF8D5811E1EB0A500041DAB /* LaunchScreen.storyboard */; };
		7CF8D58E1E1EB0A500041DAB /* CookingTests.m in Sources */ = {isa = PBXBuildFile; fileRef = 7CF8D58D1E1EB0A500041DAB /* CookingTests.m */; };
		7CF8D5991E1EB0A500041DAB /* CookingUITests.m in Sources */ = {isa = PBXBuildFile; fileRef = 7CF8D5981E1EB0A500041DAB /* CookingUITests.m */; };
		7CFC10271E2323EB0023BC0A /* UNDietCollectionViewCell.m in Sources */ = {isa = PBXBuildFile; fileRef = 7CFC10251E2323EB0023BC0A /* UNDietCollectionViewCell.m */; };
		7CFC10281E2323EB0023BC0A /* UNDietCollectionViewCell.xib in Resources */ = {isa = PBXBuildFile; fileRef = 7CFC10261E2323EB0023BC0A /* UNDietCollectionViewCell.xib */; };
		7CFC102B1E232FB50023BC0A /* UNChoiceMenuView.m in Sources */ = {isa = PBXBuildFile; fileRef = 7CFC102A1E232FB50023BC0A /* UNChoiceMenuView.m */; };
		7CFC102D1E232FC30023BC0A /* UNChoiceMenuView.xib in Resources */ = {isa = PBXBuildFile; fileRef = 7CFC102C1E232FC30023BC0A /* UNChoiceMenuView.xib */; };
		7CFC10331E236B720023BC0A /* YBPopupMenu.m in Sources */ = {isa = PBXBuildFile; fileRef = 7CFC10321E236B720023BC0A /* YBPopupMenu.m */; };
		7CFC10361E2370380023BC0A /* UNDietaryModel.m in Sources */ = {isa = PBXBuildFile; fileRef = 7CFC10351E2370380023BC0A /* UNDietaryModel.m */; };
		7CFC103F1E2381300023BC0A /* UNFoodDetailController.m in Sources */ = {isa = PBXBuildFile; fileRef = 7CFC103D1E2381300023BC0A /* UNFoodDetailController.m */; };
		7CFC10401E2381300023BC0A /* UNFoodDetailController.xib in Resources */ = {isa = PBXBuildFile; fileRef = 7CFC103E1E2381300023BC0A /* UNFoodDetailController.xib */; };
		7CFD0E6D1E226F58000DA902 /* UNDietaryTaboosController.m in Sources */ = {isa = PBXBuildFile; fileRef = 7CFD0E6C1E226F58000DA902 /* UNDietaryTaboosController.m */; };
		7CFD0EB01E228F3C000DA902 /* CHTCollectionViewWaterfallLayout.m in Sources */ = {isa = PBXBuildFile; fileRef = 7CFD0EAF1E228F3C000DA902 /* CHTCollectionViewWaterfallLayout.m */; };
		7CFD0EB31E22929B000DA902 /* UNDietViewController.m in Sources */ = {isa = PBXBuildFile; fileRef = 7CFD0EB21E22929B000DA902 /* UNDietViewController.m */; };
		7CFD0EB61E229479000DA902 /* UNDietListModel.m in Sources */ = {isa = PBXBuildFile; fileRef = 7CFD0EB51E229479000DA902 /* UNDietListModel.m */; };
		7CFD0EBC1E22A374000DA902 /* UNDietMenuModel.m in Sources */ = {isa = PBXBuildFile; fileRef = 7CFD0EBB1E22A374000DA902 /* UNDietMenuModel.m */; };
		7CFED1091E2083D50065A098 /* YXMenuModel.m in Sources */ = {isa = PBXBuildFile; fileRef = 7CFED1081E2083D50065A098 /* YXMenuModel.m */; };
		7CFED10C1E208D1D0065A098 /* UNWonderfulViewController.m in Sources */ = {isa = PBXBuildFile; fileRef = 7CFED10B1E208D1D0065A098 /* UNWonderfulViewController.m */; };
		7CFED10F1E20988D0065A098 /* UNWonderMenuLayout.m in Sources */ = {isa = PBXBuildFile; fileRef = 7CFED10E1E20988D0065A098 /* UNWonderMenuLayout.m */; };
		7CFED1161E20C0160065A098 /* UNWonderMenuCell.m in Sources */ = {isa = PBXBuildFile; fileRef = 7CFED1141E20C0160065A098 /* UNWonderMenuCell.m */; };
		7CFED1171E20C0160065A098 /* UNWonderMenuCell.xib in Resources */ = {isa = PBXBuildFile; fileRef = 7CFED1151E20C0160065A098 /* UNWonderMenuCell.xib */; };
/* End PBXBuildFile section */

/* Begin PBXContainerItemProxy section */
		7CF8D58A1E1EB0A500041DAB /* PBXContainerItemProxy */ = {
			isa = PBXContainerItemProxy;
			containerPortal = 7CF8D5681E1EB0A500041DAB /* Project object */;
			proxyType = 1;
			remoteGlobalIDString = 7CF8D56F1E1EB0A500041DAB;
			remoteInfo = Cooking;
		};
		7CF8D5951E1EB0A500041DAB /* PBXContainerItemProxy */ = {
			isa = PBXContainerItemProxy;
			containerPortal = 7CF8D5681E1EB0A500041DAB /* Project object */;
			proxyType = 1;
			remoteGlobalIDString = 7CF8D56F1E1EB0A500041DAB;
			remoteInfo = Cooking;
		};
/* End PBXContainerItemProxy section */

/* Begin PBXFileReference section */
		00CC375C299491EE41BC3CF7 /* Pods_Cooking.framework */ = {isa = PBXFileReference; explicitFileType = wrapper.framework; includeInIndex = 0; path = Pods_Cooking.framework; sourceTree = BUILT_PRODUCTS_DIR; };
		7C054C461E239E2B005ECD3F /* UNWFoodDetailViewController.h */ = {isa = PBXFileReference; fileEncoding = 4; lastKnownFileType = sourcecode.c.h; path = UNWFoodDetailViewController.h; sourceTree = "<group>"; };
		7C054C471E239E2B005ECD3F /* UNWFoodDetailViewController.m */ = {isa = PBXFileReference; fileEncoding = 4; lastKnownFileType = sourcecode.c.objc; path = UNWFoodDetailViewController.m; sourceTree = "<group>"; };
		7C054C4B1E23A8CD005ECD3F /* bt_playlist_play_normal@2x.png */ = {isa = PBXFileReference; lastKnownFileType = image.png; path = "bt_playlist_play_normal@2x.png"; sourceTree = "<group>"; };
		7C054C4C1E23A8CD005ECD3F /* bt_playlist_play_normal@3x.png */ = {isa = PBXFileReference; lastKnownFileType = image.png; path = "bt_playlist_play_normal@3x.png"; sourceTree = "<group>"; };
		7C054C4D1E23A8CD005ECD3F /* bt_playlist_play_press@2x.png */ = {isa = PBXFileReference; lastKnownFileType = image.png; path = "bt_playlist_play_press@2x.png"; sourceTree = "<group>"; };
		7C054C4E1E23A8CD005ECD3F /* bt_playlist_play_press@3x.png */ = {isa = PBXFileReference; lastKnownFileType = image.png; path = "bt_playlist_play_press@3x.png"; sourceTree = "<group>"; };
		7C054C531E23AB73005ECD3F /* bt_banner_closed0_normal@2x.png */ = {isa = PBXFileReference; lastKnownFileType = image.png; path = "bt_banner_closed0_normal@2x.png"; sourceTree = "<group>"; };
		7C054C541E23AB73005ECD3F /* bt_banner_closed0_normal@3x.png */ = {isa = PBXFileReference; lastKnownFileType = image.png; path = "bt_banner_closed0_normal@3x.png"; sourceTree = "<group>"; };
		7C054C551E23AB73005ECD3F /* bt_banner_closed0_press@2x.png */ = {isa = PBXFileReference; lastKnownFileType = image.png; path = "bt_banner_closed0_press@2x.png"; sourceTree = "<group>"; };
		7C054C561E23AB73005ECD3F /* bt_banner_closed0_press@3x.png */ = {isa = PBXFileReference; lastKnownFileType = image.png; path = "bt_banner_closed0_press@3x.png"; sourceTree = "<group>"; };
		7C054C5B1E23ABA2005ECD3F /* bt_listen-knowledge_like_button_hl@2x.png */ = {isa = PBXFileReference; lastKnownFileType = image.png; path = "bt_listen-knowledge_like_button_hl@2x.png"; sourceTree = "<group>"; };
		7C054C5C1E23ABA2005ECD3F /* bt_listen-knowledge_like_button_normal@2x.png */ = {isa = PBXFileReference; lastKnownFileType = image.png; path = "bt_listen-knowledge_like_button_normal@2x.png"; sourceTree = "<group>"; };
		7C054C5D1E23ABA2005ECD3F /* bt_listen-knowledge_like_button_press@2x.png */ = {isa = PBXFileReference; lastKnownFileType = image.png; path = "bt_listen-knowledge_like_button_press@2x.png"; sourceTree = "<group>"; };
		7C054C611E23B2E8005ECD3F /* bt_listen-knowledge_share_button_normal@2x.png */ = {isa = PBXFileReference; lastKnownFileType = image.png; path = "bt_listen-knowledge_share_button_normal@2x.png"; sourceTree = "<group>"; };
		7C054C621E23B2E8005ECD3F /* bt_listen-knowledge_share_button_press@2x.png */ = {isa = PBXFileReference; lastKnownFileType = image.png; path = "bt_listen-knowledge_share_button_press@2x.png"; sourceTree = "<group>"; };
		7C054C651E23B64F005ECD3F /* UNDietDetailViewController.h */ = {isa = PBXFileReference; fileEncoding = 4; lastKnownFileType = sourcecode.c.h; path = UNDietDetailViewController.h; sourceTree = "<group>"; };
		7C054C661E23B64F005ECD3F /* UNDietDetailViewController.m */ = {isa = PBXFileReference; fileEncoding = 4; lastKnownFileType = sourcecode.c.objc; path = UNDietDetailViewController.m; sourceTree = "<group>"; };
		7C054C671E23B64F005ECD3F /* UNDietDetailViewController.xib */ = {isa = PBXFileReference; fileEncoding = 4; lastKnownFileType = file.xib; path = UNDietDetailViewController.xib; sourceTree = "<group>"; };
		7C1244871E248C2A0071A8CC /* HomeMenuModel.h */ = {isa = PBXFileReference; fileEncoding = 4; lastKnownFileType = sourcecode.c.h; path = HomeMenuModel.h; sourceTree = "<group>"; };
		7C1244881E248C2A0071A8CC /* HomeMenuModel.m */ = {isa = PBXFileReference; fileEncoding = 4; lastKnownFileType = sourcecode.c.objc; path = HomeMenuModel.m; sourceTree = "<group>"; };
		7C12448A1E24ABD00071A8CC /* UNHomeCollectionViewCell.h */ = {isa = PBXFileReference; fileEncoding = 4; lastKnownFileType = sourcecode.c.h; path = UNHomeCollectionViewCell.h; sourceTree = "<group>"; };
		7C12448B1E24ABD00071A8CC /* UNHomeCollectionViewCell.m */ = {isa = PBXFileReference; fileEncoding = 4; lastKnownFileType = sourcecode.c.objc; path = UNHomeCollectionViewCell.m; sourceTree = "<group>"; };
		7C12448C1E24ABD00071A8CC /* UNHomeCollectionViewCell.xib */ = {isa = PBXFileReference; fileEncoding = 4; lastKnownFileType = file.xib; path = UNHomeCollectionViewCell.xib; sourceTree = "<group>"; };
		7C12448F1E24B9940071A8CC /* HomeListModel.h */ = {isa = PBXFileReference; fileEncoding = 4; lastKnownFileType = sourcecode.c.h; path = HomeListModel.h; sourceTree = "<group>"; };
		7C1244901E24B9940071A8CC /* HomeListModel.m */ = {isa = PBXFileReference; fileEncoding = 4; lastKnownFileType = sourcecode.c.objc; path = HomeListModel.m; sourceTree = "<group>"; };
		7C1244921E24C2660071A8CC /* UNHomeListCell.h */ = {isa = PBXFileReference; fileEncoding = 4; lastKnownFileType = sourcecode.c.h; path = UNHomeListCell.h; sourceTree = "<group>"; };
		7C1244931E24C2660071A8CC /* UNHomeListCell.m */ = {isa = PBXFileReference; fileEncoding = 4; lastKnownFileType = sourcecode.c.objc; path = UNHomeListCell.m; sourceTree = "<group>"; };
		7C1244941E24C2660071A8CC /* UNHomeListCell.xib */ = {isa = PBXFileReference; fileEncoding = 4; lastKnownFileType = file.xib; path = UNHomeListCell.xib; sourceTree = "<group>"; };
		7C1244971E24D0BE0071A8CC /* UNHomeMenuListController.h */ = {isa = PBXFileReference; fileEncoding = 4; lastKnownFileType = sourcecode.c.h; path = UNHomeMenuListController.h; sourceTree = "<group>"; };
		7C1244981E24D0BE0071A8CC /* UNHomeMenuListController.m */ = {isa = PBXFileReference; fileEncoding = 4; lastKnownFileType = sourcecode.c.objc; path = UNHomeMenuListController.m; sourceTree = "<group>"; };
		7C12449B1E24D0E80071A8CC /* UNMenuListCell.h */ = {isa = PBXFileReference; fileEncoding = 4; lastKnownFileType = sourcecode.c.h; path = UNMenuListCell.h; sourceTree = "<group>"; };
		7C12449C1E24D0E80071A8CC /* UNMenuListCell.m */ = {isa = PBXFileReference; fileEncoding = 4; lastKnownFileType = sourcecode.c.objc; path = UNMenuListCell.m; sourceTree = "<group>"; };
		7C12449D1E24D0E80071A8CC /* UNMenuListCell.xib */ = {isa = PBXFileReference; fileEncoding = 4; lastKnownFileType = file.xib; path = UNMenuListCell.xib; sourceTree = "<group>"; };
		7C4194241E25BE7500F505A2 /* UNDietBaiKeModel.h */ = {isa = PBXFileReference; fileEncoding = 4; lastKnownFileType = sourcecode.c.h; path = UNDietBaiKeModel.h; sourceTree = "<group>"; };
		7C4194251E25BE7500F505A2 /* UNDietBaiKeModel.m */ = {isa = PBXFileReference; fileEncoding = 4; lastKnownFileType = sourcecode.c.objc; path = UNDietBaiKeModel.m; sourceTree = "<group>"; };
		7C4194271E25C3DB00F505A2 /* UNDietBaikePageController.h */ = {isa = PBXFileReference; fileEncoding = 4; lastKnownFileType = sourcecode.c.h; path = UNDietBaikePageController.h; sourceTree = "<group>"; };
		7C4194281E25C3DB00F505A2 /* UNDietBaikePageController.m */ = {isa = PBXFileReference; fileEncoding = 4; lastKnownFileType = sourcecode.c.objc; path = UNDietBaikePageController.m; sourceTree = "<group>"; };
		7C41942A1E25CB6D00F505A2 /* UNDietBaikeListController.h */ = {isa = PBXFileReference; fileEncoding = 4; lastKnownFileType = sourcecode.c.h; path = UNDietBaikeListController.h; sourceTree = "<group>"; };
		7C41942B1E25CB6D00F505A2 /* UNDietBaikeListController.m */ = {isa = PBXFileReference; fileEncoding = 4; lastKnownFileType = sourcecode.c.objc; path = UNDietBaikeListController.m; sourceTree = "<group>"; };
		7C41942D1E25CB8E00F505A2 /* UNDietBaikeCell.h */ = {isa = PBXFileReference; fileEncoding = 4; lastKnownFileType = sourcecode.c.h; path = UNDietBaikeCell.h; sourceTree = "<group>"; };
		7C41942E1E25CB8E00F505A2 /* UNDietBaikeCell.m */ = {isa = PBXFileReference; fileEncoding = 4; lastKnownFileType = sourcecode.c.objc; path = UNDietBaikeCell.m; sourceTree = "<group>"; };
		7C41942F1E25CB8E00F505A2 /* UNDietBaikeCell.xib */ = {isa = PBXFileReference; fileEncoding = 4; lastKnownFileType = file.xib; path = UNDietBaikeCell.xib; sourceTree = "<group>"; };
		7C4194321E25CCEB00F505A2 /* ms_caipu_level_un@2x.png */ = {isa = PBXFileReference; lastKnownFileType = image.png; path = "ms_caipu_level_un@2x.png"; sourceTree = "<group>"; };
		7C4194331E25CCEB00F505A2 /* ms_caipu_level_un@3x.png */ = {isa = PBXFileReference; lastKnownFileType = image.png; path = "ms_caipu_level_un@3x.png"; sourceTree = "<group>"; };
		7C4194341E25CCEB00F505A2 /* ms_caipu_level@2x.png */ = {isa = PBXFileReference; lastKnownFileType = image.png; path = "ms_caipu_level@2x.png"; sourceTree = "<group>"; };
		7C4194351E25CCEB00F505A2 /* ms_caipu_level@3x.png */ = {isa = PBXFileReference; lastKnownFileType = image.png; path = "ms_caipu_level@3x.png"; sourceTree = "<group>"; };
		7C4194451E25D6F000F505A2 /* fav_sx_icon_36.png */ = {isa = PBXFileReference; lastKnownFileType = image.png; path = fav_sx_icon_36.png; sourceTree = "<group>"; };
		7C4194491E25E07100F505A2 /* UnDietBaikeDetailWebController.h */ = {isa = PBXFileReference; fileEncoding = 4; lastKnownFileType = sourcecode.c.h; path = UnDietBaikeDetailWebController.h; sourceTree = "<group>"; };
		7C41944A1E25E07100F505A2 /* UnDietBaikeDetailWebController.m */ = {isa = PBXFileReference; fileEncoding = 4; lastKnownFileType = sourcecode.c.objc; path = UnDietBaikeDetailWebController.m; sourceTree = "<group>"; };
		7C41944B1E25E07100F505A2 /* UnDietBaikeDetailWebController.xib */ = {isa = PBXFileReference; fileEncoding = 4; lastKnownFileType = file.xib; path = UnDietBaikeDetailWebController.xib; sourceTree = "<group>"; };
		7C41944E1E260B8600F505A2 /* ms_xiala@2x.png */ = {isa = PBXFileReference; lastKnownFileType = image.png; path = "ms_xiala@2x.png"; sourceTree = "<group>"; };
		7C6BBCFF1E1F2461007A2435 /* NSObject+Parse.h */ = {isa = PBXFileReference; fileEncoding = 4; lastKnownFileType = sourcecode.c.h; path = "NSObject+Parse.h"; sourceTree = "<group>"; };
		7C6BBD001E1F2461007A2435 /* NSObject+Parse.m */ = {isa = PBXFileReference; fileEncoding = 4; lastKnownFileType = sourcecode.c.objc; path = "NSObject+Parse.m"; sourceTree = "<group>"; };
		7C6BBD011E1F2461007A2435 /* UIColor+RandomColor.h */ = {isa = PBXFileReference; fileEncoding = 4; lastKnownFileType = sourcecode.c.h; path = "UIColor+RandomColor.h"; sourceTree = "<group>"; };
		7C6BBD021E1F2461007A2435 /* UIColor+RandomColor.m */ = {isa = PBXFileReference; fileEncoding = 4; lastKnownFileType = sourcecode.c.objc; path = "UIColor+RandomColor.m"; sourceTree = "<group>"; };
		7C6BBD031E1F2461007A2435 /* UIView+HUD.h */ = {isa = PBXFileReference; fileEncoding = 4; lastKnownFileType = sourcecode.c.h; path = "UIView+HUD.h"; sourceTree = "<group>"; };
		7C6BBD041E1F2461007A2435 /* UIView+HUD.m */ = {isa = PBXFileReference; fileEncoding = 4; lastKnownFileType = sourcecode.c.objc; path = "UIView+HUD.m"; sourceTree = "<group>"; };
		7C6BBD081E1F2483007A2435 /* Constant.h */ = {isa = PBXFileReference; fileEncoding = 4; lastKnownFileType = sourcecode.c.h; path = Constant.h; sourceTree = "<group>"; };
		7C6BBD0A1E1F2483007A2435 /* BaseNetManager.h */ = {isa = PBXFileReference; fileEncoding = 4; lastKnownFileType = sourcecode.c.h; path = BaseNetManager.h; sourceTree = "<group>"; };
		7C6BBD0B1E1F2483007A2435 /* BaseNetManager.m */ = {isa = PBXFileReference; fileEncoding = 4; lastKnownFileType = sourcecode.c.objc; path = BaseNetManager.m; sourceTree = "<group>"; };
		7C6BBD0C1E1F2483007A2435 /* NetManager.h */ = {isa = PBXFileReference; fileEncoding = 4; lastKnownFileType = sourcecode.c.h; path = NetManager.h; sourceTree = "<group>"; };
		7C6BBD0D1E1F2483007A2435 /* NetManager.m */ = {isa = PBXFileReference; fileEncoding = 4; lastKnownFileType = sourcecode.c.objc; path = NetManager.m; sourceTree = "<group>"; };
		7C6BBD0E1E1F2483007A2435 /* PrefixHeader.pch */ = {isa = PBXFileReference; fileEncoding = 4; lastKnownFileType = sourcecode.c.h; path = PrefixHeader.pch; sourceTree = "<group>"; };
		7C6BBD111E1F2483007A2435 /* FLAnimatedImage.h */ = {isa = PBXFileReference; fileEncoding = 4; lastKnownFileType = sourcecode.c.h; path = FLAnimatedImage.h; sourceTree = "<group>"; };
		7C6BBD121E1F2483007A2435 /* FLAnimatedImage.m */ = {isa = PBXFileReference; fileEncoding = 4; lastKnownFileType = sourcecode.c.objc; path = FLAnimatedImage.m; sourceTree = "<group>"; };
		7C6BBD131E1F2483007A2435 /* FLAnimatedImageView.h */ = {isa = PBXFileReference; fileEncoding = 4; lastKnownFileType = sourcecode.c.h; path = FLAnimatedImageView.h; sourceTree = "<group>"; };
		7C6BBD141E1F2483007A2435 /* FLAnimatedImageView.m */ = {isa = PBXFileReference; fileEncoding = 4; lastKnownFileType = sourcecode.c.objc; path = FLAnimatedImageView.m; sourceTree = "<group>"; };
		7C6BBD151E1F2483007A2435 /* Info.plist */ = {isa = PBXFileReference; fileEncoding = 4; lastKnownFileType = text.plist.xml; path = Info.plist; sourceTree = "<group>"; };
		7C6BBD171E1F2483007A2435 /* iCarousel.h */ = {isa = PBXFileReference; fileEncoding = 4; lastKnownFileType = sourcecode.c.h; path = iCarousel.h; sourceTree = "<group>"; };
		7C6BBD181E1F2483007A2435 /* iCarousel.m */ = {isa = PBXFileReference; fileEncoding = 4; lastKnownFileType = sourcecode.c.objc; path = iCarousel.m; sourceTree = "<group>"; };
		7C6BBD1C1E1F2483007A2435 /* WMMenuItem.h */ = {isa = PBXFileReference; fileEncoding = 4; lastKnownFileType = sourcecode.c.h; path = WMMenuItem.h; sourceTree = "<group>"; };
		7C6BBD1D1E1F2483007A2435 /* WMMenuItem.m */ = {isa = PBXFileReference; fileEncoding = 4; lastKnownFileType = sourcecode.c.objc; path = WMMenuItem.m; sourceTree = "<group>"; };
		7C6BBD1E1E1F2483007A2435 /* WMMenuView.h */ = {isa = PBXFileReference; fileEncoding = 4; lastKnownFileType = sourcecode.c.h; path = WMMenuView.h; sourceTree = "<group>"; };
		7C6BBD1F1E1F2483007A2435 /* WMMenuView.m */ = {isa = PBXFileReference; fileEncoding = 4; lastKnownFileType = sourcecode.c.objc; path = WMMenuView.m; sourceTree = "<group>"; };
		7C6BBD201E1F2483007A2435 /* WMProgressView.h */ = {isa = PBXFileReference; fileEncoding = 4; lastKnownFileType = sourcecode.c.h; path = WMProgressView.h; sourceTree = "<group>"; };
		7C6BBD211E1F2483007A2435 /* WMProgressView.m */ = {isa = PBXFileReference; fileEncoding = 4; lastKnownFileType = sourcecode.c.objc; path = WMProgressView.m; sourceTree = "<group>"; };
		7C6BBD221E1F2483007A2435 /* WMScrollView.h */ = {isa = PBXFileReference; fileEncoding = 4; lastKnownFileType = sourcecode.c.h; path = WMScrollView.h; sourceTree = "<group>"; };
		7C6BBD231E1F2483007A2435 /* WMScrollView.m */ = {isa = PBXFileReference; fileEncoding = 4; lastKnownFileType = sourcecode.c.objc; path = WMScrollView.m; sourceTree = "<group>"; };
		7C6BBD241E1F2483007A2435 /* WMPageConst.h */ = {isa = PBXFileReference; fileEncoding = 4; lastKnownFileType = sourcecode.c.h; path = WMPageConst.h; sourceTree = "<group>"; };
		7C6BBD251E1F2483007A2435 /* WMPageController.h */ = {isa = PBXFileReference; fileEncoding = 4; lastKnownFileType = sourcecode.c.h; path = WMPageController.h; sourceTree = "<group>"; };
		7C6BBD261E1F2483007A2435 /* WMPageController.m */ = {isa = PBXFileReference; fileEncoding = 4; lastKnownFileType = sourcecode.c.objc; path = WMPageController.m; sourceTree = "<group>"; };
		7C6BBD5E1E1F3692007A2435 /* CookingStyleModel.h */ = {isa = PBXFileReference; fileEncoding = 4; lastKnownFileType = sourcecode.c.h; path = CookingStyleModel.h; sourceTree = "<group>"; };
		7C6BBD5F1E1F3692007A2435 /* CookingStyleModel.m */ = {isa = PBXFileReference; fileEncoding = 4; lastKnownFileType = sourcecode.c.objc; path = CookingStyleModel.m; sourceTree = "<group>"; };
		7C6BBD611E1F3DC5007A2435 /* UNMainTarBarController.h */ = {isa = PBXFileReference; fileEncoding = 4; lastKnownFileType = sourcecode.c.h; path = UNMainTarBarController.h; sourceTree = "<group>"; };
		7C6BBD621E1F3DC5007A2435 /* UNMainTarBarController.m */ = {isa = PBXFileReference; fileEncoding = 4; lastKnownFileType = sourcecode.c.objc; path = UNMainTarBarController.m; sourceTree = "<group>"; };
		7C6BBD641E1F3DD9007A2435 /* UNBaseNavController.h */ = {isa = PBXFileReference; fileEncoding = 4; lastKnownFileType = sourcecode.c.h; path = UNBaseNavController.h; sourceTree = "<group>"; };
		7C6BBD651E1F3DD9007A2435 /* UNBaseNavController.m */ = {isa = PBXFileReference; fileEncoding = 4; lastKnownFileType = sourcecode.c.objc; path = UNBaseNavController.m; sourceTree = "<group>"; };
		7C6BBD671E1F3EC6007A2435 /* UNMineViewController.h */ = {isa = PBXFileReference; fileEncoding = 4; lastKnownFileType = sourcecode.c.h; path = UNMineViewController.h; sourceTree = "<group>"; };
		7C6BBD681E1F3EC6007A2435 /* UNMineViewController.m */ = {isa = PBXFileReference; fileEncoding = 4; lastKnownFileType = sourcecode.c.objc; path = UNMineViewController.m; sourceTree = "<group>"; };
		7C6BBD701E1F3F23007A2435 /* UNHomeTableViewController.h */ = {isa = PBXFileReference; fileEncoding = 4; lastKnownFileType = sourcecode.c.h; path = UNHomeTableViewController.h; sourceTree = "<group>"; };
		7C6BBD711E1F3F23007A2435 /* UNHomeTableViewController.m */ = {isa = PBXFileReference; fileEncoding = 4; lastKnownFileType = sourcecode.c.objc; path = UNHomeTableViewController.m; sourceTree = "<group>"; };
		7C6BBD731E1F469F007A2435 /* UNCookingStyleCell.h */ = {isa = PBXFileReference; fileEncoding = 4; lastKnownFileType = sourcecode.c.h; path = UNCookingStyleCell.h; sourceTree = "<group>"; };
		7C6BBD741E1F469F007A2435 /* UNCookingStyleCell.m */ = {isa = PBXFileReference; fileEncoding = 4; lastKnownFileType = sourcecode.c.objc; path = UNCookingStyleCell.m; sourceTree = "<group>"; };
		7C6BBD751E1F469F007A2435 /* UNCookingStyleCell.xib */ = {isa = PBXFileReference; fileEncoding = 4; lastKnownFileType = file.xib; path = UNCookingStyleCell.xib; sourceTree = "<group>"; };
		7C6BBD7D1E1F4882007A2435 /* bt_all_normal@2x.png */ = {isa = PBXFileReference; lastKnownFileType = image.png; path = "bt_all_normal@2x.png"; sourceTree = "<group>"; };
		7C6BBD7E1E1F4882007A2435 /* bt_all_normal@3x.png */ = {isa = PBXFileReference; lastKnownFileType = image.png; path = "bt_all_normal@3x.png"; sourceTree = "<group>"; };
		7C6BBD811E1F49FE007A2435 /* UNCookFoodCollectionCell.h */ = {isa = PBXFileReference; fileEncoding = 4; lastKnownFileType = sourcecode.c.h; path = UNCookFoodCollectionCell.h; sourceTree = "<group>"; };
		7C6BBD821E1F49FE007A2435 /* UNCookFoodCollectionCell.m */ = {isa = PBXFileReference; fileEncoding = 4; lastKnownFileType = sourcecode.c.objc; path = UNCookFoodCollectionCell.m; sourceTree = "<group>"; };
		7C6BBD831E1F49FE007A2435 /* UNCookFoodCollectionCell.xib */ = {isa = PBXFileReference; fileEncoding = 4; lastKnownFileType = file.xib; path = UNCookFoodCollectionCell.xib; sourceTree = "<group>"; };
		7C6BBD861E1F5A0F007A2435 /* background_image.jpeg */ = {isa = PBXFileReference; lastKnownFileType = image.jpeg; path = background_image.jpeg; sourceTree = "<group>"; };
		7C6BBD881E1FA659007A2435 /* UNAllFoodsListController.h */ = {isa = PBXFileReference; fileEncoding = 4; lastKnownFileType = sourcecode.c.h; path = UNAllFoodsListController.h; sourceTree = "<group>"; };
		7C6BBD891E1FA659007A2435 /* UNAllFoodsListController.m */ = {isa = PBXFileReference; fileEncoding = 4; lastKnownFileType = sourcecode.c.objc; path = UNAllFoodsListController.m; sourceTree = "<group>"; };
		7C6BBD8B1E1FA6B3007A2435 /* UNFoodCell.h */ = {isa = PBXFileReference; fileEncoding = 4; lastKnownFileType = sourcecode.c.h; path = UNFoodCell.h; sourceTree = "<group>"; };
		7C6BBD8C1E1FA6B3007A2435 /* UNFoodCell.m */ = {isa = PBXFileReference; fileEncoding = 4; lastKnownFileType = sourcecode.c.objc; path = UNFoodCell.m; sourceTree = "<group>"; };
		7C6BBD8D1E1FA6B3007A2435 /* UNFoodCell.xib */ = {isa = PBXFileReference; fileEncoding = 4; lastKnownFileType = file.xib; path = UNFoodCell.xib; sourceTree = "<group>"; };
		7CCA55461E20E111008DF870 /* ms_caipu_time@2x.png */ = {isa = PBXFileReference; lastKnownFileType = image.png; path = "ms_caipu_time@2x.png"; sourceTree = "<group>"; };
		7CCA55471E20E111008DF870 /* ms_caipu_time@3x.png */ = {isa = PBXFileReference; lastKnownFileType = image.png; path = "ms_caipu_time@3x.png"; sourceTree = "<group>"; };
		7CCA554A1E20E57B008DF870 /* topbtn_on@2x.png */ = {isa = PBXFileReference; lastKnownFileType = image.png; path = "topbtn_on@2x.png"; sourceTree = "<group>"; };
		7CCA554B1E20E57B008DF870 /* topbtn_on@3x.png */ = {isa = PBXFileReference; lastKnownFileType = image.png; path = "topbtn_on@3x.png"; sourceTree = "<group>"; };
		7CCA554E1E20E588008DF870 /* back_top_icon_gray@2x.png */ = {isa = PBXFileReference; lastKnownFileType = image.png; path = "back_top_icon_gray@2x.png"; sourceTree = "<group>"; };
		7CCA554F1E20E588008DF870 /* back_top_icon_gray@3x.png */ = {isa = PBXFileReference; lastKnownFileType = image.png; path = "back_top_icon_gray@3x.png"; sourceTree = "<group>"; };
		7CF8D5701E1EB0A500041DAB /* Cooking.app */ = {isa = PBXFileReference; explicitFileType = wrapper.application; includeInIndex = 0; path = Cooking.app; sourceTree = BUILT_PRODUCTS_DIR; };
		7CF8D5741E1EB0A500041DAB /* main.m */ = {isa = PBXFileReference; lastKnownFileType = sourcecode.c.objc; path = main.m; sourceTree = "<group>"; };
		7CF8D5761E1EB0A500041DAB /* AppDelegate.h */ = {isa = PBXFileReference; lastKnownFileType = sourcecode.c.h; path = AppDelegate.h; sourceTree = "<group>"; };
		7CF8D5771E1EB0A500041DAB /* AppDelegate.m */ = {isa = PBXFileReference; lastKnownFileType = sourcecode.c.objc; path = AppDelegate.m; sourceTree = "<group>"; };
		7CF8D57D1E1EB0A500041DAB /* Base */ = {isa = PBXFileReference; lastKnownFileType = file.storyboard; name = Base; path = Base.lproj/Main.storyboard; sourceTree = "<group>"; };
		7CF8D57F1E1EB0A500041DAB /* Assets.xcassets */ = {isa = PBXFileReference; lastKnownFileType = folder.assetcatalog; path = Assets.xcassets; sourceTree = "<group>"; };
		7CF8D5821E1EB0A500041DAB /* Base */ = {isa = PBXFileReference; lastKnownFileType = file.storyboard; name = Base; path = Base.lproj/LaunchScreen.storyboard; sourceTree = "<group>"; };
		7CF8D5841E1EB0A500041DAB /* Info.plist */ = {isa = PBXFileReference; lastKnownFileType = text.plist.xml; path = Info.plist; sourceTree = "<group>"; };
		7CF8D5891E1EB0A500041DAB /* CookingTests.xctest */ = {isa = PBXFileReference; explicitFileType = wrapper.cfbundle; includeInIndex = 0; path = CookingTests.xctest; sourceTree = BUILT_PRODUCTS_DIR; };
		7CF8D58D1E1EB0A500041DAB /* CookingTests.m */ = {isa = PBXFileReference; lastKnownFileType = sourcecode.c.objc; path = CookingTests.m; sourceTree = "<group>"; };
		7CF8D58F1E1EB0A500041DAB /* Info.plist */ = {isa = PBXFileReference; lastKnownFileType = text.plist.xml; path = Info.plist; sourceTree = "<group>"; };
		7CF8D5941E1EB0A500041DAB /* CookingUITests.xctest */ = {isa = PBXFileReference; explicitFileType = wrapper.cfbundle; includeInIndex = 0; path = CookingUITests.xctest; sourceTree = BUILT_PRODUCTS_DIR; };
		7CF8D5981E1EB0A500041DAB /* CookingUITests.m */ = {isa = PBXFileReference; lastKnownFileType = sourcecode.c.objc; path = CookingUITests.m; sourceTree = "<group>"; };
		7CF8D59A1E1EB0A500041DAB /* Info.plist */ = {isa = PBXFileReference; lastKnownFileType = text.plist.xml; path = Info.plist; sourceTree = "<group>"; };
		7CFC10241E2323EB0023BC0A /* UNDietCollectionViewCell.h */ = {isa = PBXFileReference; fileEncoding = 4; lastKnownFileType = sourcecode.c.h; path = UNDietCollectionViewCell.h; sourceTree = "<group>"; };
		7CFC10251E2323EB0023BC0A /* UNDietCollectionViewCell.m */ = {isa = PBXFileReference; fileEncoding = 4; lastKnownFileType = sourcecode.c.objc; path = UNDietCollectionViewCell.m; sourceTree = "<group>"; };
		7CFC10261E2323EB0023BC0A /* UNDietCollectionViewCell.xib */ = {isa = PBXFileReference; fileEncoding = 4; lastKnownFileType = file.xib; path = UNDietCollectionViewCell.xib; sourceTree = "<group>"; };
		7CFC10291E232FB50023BC0A /* UNChoiceMenuView.h */ = {isa = PBXFileReference; fileEncoding = 4; lastKnownFileType = sourcecode.c.h; path = UNChoiceMenuView.h; sourceTree = "<group>"; };
		7CFC102A1E232FB50023BC0A /* UNChoiceMenuView.m */ = {isa = PBXFileReference; fileEncoding = 4; lastKnownFileType = sourcecode.c.objc; path = UNChoiceMenuView.m; sourceTree = "<group>"; };
		7CFC102C1E232FC30023BC0A /* UNChoiceMenuView.xib */ = {isa = PBXFileReference; fileEncoding = 4; lastKnownFileType = file.xib; path = UNChoiceMenuView.xib; sourceTree = "<group>"; };
		7CFC10311E236B720023BC0A /* YBPopupMenu.h */ = {isa = PBXFileReference; fileEncoding = 4; lastKnownFileType = sourcecode.c.h; path = YBPopupMenu.h; sourceTree = "<group>"; };
		7CFC10321E236B720023BC0A /* YBPopupMenu.m */ = {isa = PBXFileReference; fileEncoding = 4; lastKnownFileType = sourcecode.c.objc; path = YBPopupMenu.m; sourceTree = "<group>"; };
		7CFC10341E2370380023BC0A /* UNDietaryModel.h */ = {isa = PBXFileReference; fileEncoding = 4; lastKnownFileType = sourcecode.c.h; path = UNDietaryModel.h; sourceTree = "<group>"; };
		7CFC10351E2370380023BC0A /* UNDietaryModel.m */ = {isa = PBXFileReference; fileEncoding = 4; lastKnownFileType = sourcecode.c.objc; path = UNDietaryModel.m; sourceTree = "<group>"; };
		7CFC103C1E2381300023BC0A /* UNFoodDetailController.h */ = {isa = PBXFileReference; fileEncoding = 4; lastKnownFileType = sourcecode.c.h; path = UNFoodDetailController.h; sourceTree = "<group>"; };
		7CFC103D1E2381300023BC0A /* UNFoodDetailController.m */ = {isa = PBXFileReference; fileEncoding = 4; lastKnownFileType = sourcecode.c.objc; path = UNFoodDetailController.m; sourceTree = "<group>"; };
		7CFC103E1E2381300023BC0A /* UNFoodDetailController.xib */ = {isa = PBXFileReference; fileEncoding = 4; lastKnownFileType = file.xib; path = UNFoodDetailController.xib; sourceTree = "<group>"; };
		7CFD0E6B1E226F58000DA902 /* UNDietaryTaboosController.h */ = {isa = PBXFileReference; fileEncoding = 4; lastKnownFileType = sourcecode.c.h; path = UNDietaryTaboosController.h; sourceTree = "<group>"; };
		7CFD0E6C1E226F58000DA902 /* UNDietaryTaboosController.m */ = {isa = PBXFileReference; fileEncoding = 4; lastKnownFileType = sourcecode.c.objc; path = UNDietaryTaboosController.m; sourceTree = "<group>"; };
		7CFD0EAE1E228F3C000DA902 /* CHTCollectionViewWaterfallLayout.h */ = {isa = PBXFileReference; fileEncoding = 4; lastKnownFileType = sourcecode.c.h; path = CHTCollectionViewWaterfallLayout.h; sourceTree = "<group>"; };
		7CFD0EAF1E228F3C000DA902 /* CHTCollectionViewWaterfallLayout.m */ = {isa = PBXFileReference; fileEncoding = 4; lastKnownFileType = sourcecode.c.objc; path = CHTCollectionViewWaterfallLayout.m; sourceTree = "<group>"; };
		7CFD0EB11E22929B000DA902 /* UNDietViewController.h */ = {isa = PBXFileReference; fileEncoding = 4; lastKnownFileType = sourcecode.c.h; path = UNDietViewController.h; sourceTree = "<group>"; };
		7CFD0EB21E22929B000DA902 /* UNDietViewController.m */ = {isa = PBXFileReference; fileEncoding = 4; lastKnownFileType = sourcecode.c.objc; path = UNDietViewController.m; sourceTree = "<group>"; };
		7CFD0EB41E229479000DA902 /* UNDietListModel.h */ = {isa = PBXFileReference; fileEncoding = 4; lastKnownFileType = sourcecode.c.h; path = UNDietListModel.h; sourceTree = "<group>"; };
		7CFD0EB51E229479000DA902 /* UNDietListModel.m */ = {isa = PBXFileReference; fileEncoding = 4; lastKnownFileType = sourcecode.c.objc; path = UNDietListModel.m; sourceTree = "<group>"; };
		7CFD0EBA1E22A374000DA902 /* UNDietMenuModel.h */ = {isa = PBXFileReference; fileEncoding = 4; lastKnownFileType = sourcecode.c.h; path = UNDietMenuModel.h; sourceTree = "<group>"; };
		7CFD0EBB1E22A374000DA902 /* UNDietMenuModel.m */ = {isa = PBXFileReference; fileEncoding = 4; lastKnownFileType = sourcecode.c.objc; path = UNDietMenuModel.m; sourceTree = "<group>"; };
		7CFED1071E2083D50065A098 /* YXMenuModel.h */ = {isa = PBXFileReference; fileEncoding = 4; lastKnownFileType = sourcecode.c.h; path = YXMenuModel.h; sourceTree = "<group>"; };
		7CFED1081E2083D50065A098 /* YXMenuModel.m */ = {isa = PBXFileReference; fileEncoding = 4; lastKnownFileType = sourcecode.c.objc; path = YXMenuModel.m; sourceTree = "<group>"; };
		7CFED10A1E208D1D0065A098 /* UNWonderfulViewController.h */ = {isa = PBXFileReference; fileEncoding = 4; lastKnownFileType = sourcecode.c.h; path = UNWonderfulViewController.h; sourceTree = "<group>"; };
		7CFED10B1E208D1D0065A098 /* UNWonderfulViewController.m */ = {isa = PBXFileReference; fileEncoding = 4; lastKnownFileType = sourcecode.c.objc; path = UNWonderfulViewController.m; sourceTree = "<group>"; };
		7CFED10D1E20988D0065A098 /* UNWonderMenuLayout.h */ = {isa = PBXFileReference; fileEncoding = 4; lastKnownFileType = sourcecode.c.h; path = UNWonderMenuLayout.h; sourceTree = "<group>"; };
		7CFED10E1E20988D0065A098 /* UNWonderMenuLayout.m */ = {isa = PBXFileReference; fileEncoding = 4; lastKnownFileType = sourcecode.c.objc; path = UNWonderMenuLayout.m; sourceTree = "<group>"; };
		7CFED1131E20C0160065A098 /* UNWonderMenuCell.h */ = {isa = PBXFileReference; fileEncoding = 4; lastKnownFileType = sourcecode.c.h; path = UNWonderMenuCell.h; sourceTree = "<group>"; };
		7CFED1141E20C0160065A098 /* UNWonderMenuCell.m */ = {isa = PBXFileReference; fileEncoding = 4; lastKnownFileType = sourcecode.c.objc; path = UNWonderMenuCell.m; sourceTree = "<group>"; };
		7CFED1151E20C0160065A098 /* UNWonderMenuCell.xib */ = {isa = PBXFileReference; fileEncoding = 4; lastKnownFileType = file.xib; path = UNWonderMenuCell.xib; sourceTree = "<group>"; };
		8068E23C23649D1453555202 /* Pods-Cooking.release.xcconfig */ = {isa = PBXFileReference; includeInIndex = 1; lastKnownFileType = text.xcconfig; name = "Pods-Cooking.release.xcconfig"; path = "Pods/Target Support Files/Pods-Cooking/Pods-Cooking.release.xcconfig"; sourceTree = "<group>"; };
		B1359B43841A1206C1516D28 /* Pods-Cooking.debug.xcconfig */ = {isa = PBXFileReference; includeInIndex = 1; lastKnownFileType = text.xcconfig; name = "Pods-Cooking.debug.xcconfig"; path = "Pods/Target Support Files/Pods-Cooking/Pods-Cooking.debug.xcconfig"; sourceTree = "<group>"; };
/* End PBXFileReference section */

/* Begin PBXFrameworksBuildPhase section */
		7CF8D56D1E1EB0A500041DAB /* Frameworks */ = {
			isa = PBXFrameworksBuildPhase;
			buildActionMask = 2147483647;
			files = (
				205D469EFC17F9EAE67FAA0A /* Pods_Cooking.framework in Frameworks */,
			);
			runOnlyForDeploymentPostprocessing = 0;
		};
		7CF8D5861E1EB0A500041DAB /* Frameworks */ = {
			isa = PBXFrameworksBuildPhase;
			buildActionMask = 2147483647;
			files = (
			);
			runOnlyForDeploymentPostprocessing = 0;
		};
		7CF8D5911E1EB0A500041DAB /* Frameworks */ = {
			isa = PBXFrameworksBuildPhase;
			buildActionMask = 2147483647;
			files = (
			);
			runOnlyForDeploymentPostprocessing = 0;
		};
/* End PBXFrameworksBuildPhase section */

/* Begin PBXGroup section */
		40F8A5E0348A6DD9B32C6071 /* Pods */ = {
			isa = PBXGroup;
			children = (
				B1359B43841A1206C1516D28 /* Pods-Cooking.debug.xcconfig */,
				8068E23C23649D1453555202 /* Pods-Cooking.release.xcconfig */,
			);
			name = Pods;
			sourceTree = "<group>";
		};
		4662D3F9D54D7B76A30AF999 /* Frameworks */ = {
			isa = PBXGroup;
			children = (
				00CC375C299491EE41BC3CF7 /* Pods_Cooking.framework */,
			);
			name = Frameworks;
			sourceTree = "<group>";
		};
		7C1244861E248BFA0071A8CC /* Old */ = {
			isa = PBXGroup;
			children = (
				7C6BBD5E1E1F3692007A2435 /* CookingStyleModel.h */,
				7C6BBD5F1E1F3692007A2435 /* CookingStyleModel.m */,
			);
			name = Old;
			sourceTree = "<group>";
		};
		7C12449A1E24D0C80071A8CC /* MenuList */ = {
			isa = PBXGroup;
			children = (
				7C1244971E24D0BE0071A8CC /* UNHomeMenuListController.h */,
				7C1244981E24D0BE0071A8CC /* UNHomeMenuListController.m */,
				7C12449B1E24D0E80071A8CC /* UNMenuListCell.h */,
				7C12449C1E24D0E80071A8CC /* UNMenuListCell.m */,
				7C12449D1E24D0E80071A8CC /* UNMenuListCell.xib */,
			);
			name = MenuList;
			sourceTree = "<group>";
		};
		7C4194221E25BDD500F505A2 /* OldModel */ = {
			isa = PBXGroup;
			children = (
				7CFC10341E2370380023BC0A /* UNDietaryModel.h */,
				7CFC10351E2370380023BC0A /* UNDietaryModel.m */,
			);
			name = OldModel;
			sourceTree = "<group>";
		};
		7C4194231E25BDE000F505A2 /* OldController */ = {
			isa = PBXGroup;
			children = (
				7CFD0E6B1E226F58000DA902 /* UNDietaryTaboosController.h */,
				7CFD0E6C1E226F58000DA902 /* UNDietaryTaboosController.m */,
			);
			name = OldController;
			sourceTree = "<group>";
		};
		7C6BBCFE1E1F2461007A2435 /* Category */ = {
			isa = PBXGroup;
			children = (
				7C6BBCFF1E1F2461007A2435 /* NSObject+Parse.h */,
				7C6BBD001E1F2461007A2435 /* NSObject+Parse.m */,
				7C6BBD011E1F2461007A2435 /* UIColor+RandomColor.h */,
				7C6BBD021E1F2461007A2435 /* UIColor+RandomColor.m */,
				7C6BBD031E1F2461007A2435 /* UIView+HUD.h */,
				7C6BBD041E1F2461007A2435 /* UIView+HUD.m */,
			);
			path = Category;
			sourceTree = "<group>";
		};
		7C6BBD091E1F2483007A2435 /* NetManager */ = {
			isa = PBXGroup;
			children = (
				7C6BBD0A1E1F2483007A2435 /* BaseNetManager.h */,
				7C6BBD0B1E1F2483007A2435 /* BaseNetManager.m */,
				7C6BBD0C1E1F2483007A2435 /* NetManager.h */,
				7C6BBD0D1E1F2483007A2435 /* NetManager.m */,
			);
			path = NetManager;
			sourceTree = "<group>";
		};
		7C6BBD0F1E1F2483007A2435 /* Vendor */ = {
			isa = PBXGroup;
			children = (
				7CFC10301E236B720023BC0A /* YBPopupMenu */,
				7CFD0EAD1E228F31000DA902 /* CHTCollectionViewWaterfallLayout */,
				7C6BBD101E1F2483007A2435 /* FLAnimatedImage */,
				7C6BBD161E1F2483007A2435 /* iCarousel */,
				7C6BBD1A1E1F2483007A2435 /* WMPageController */,
			);
			path = Vendor;
			sourceTree = "<group>";
		};
		7C6BBD101E1F2483007A2435 /* FLAnimatedImage */ = {
			isa = PBXGroup;
			children = (
				7C6BBD111E1F2483007A2435 /* FLAnimatedImage.h */,
				7C6BBD121E1F2483007A2435 /* FLAnimatedImage.m */,
				7C6BBD131E1F2483007A2435 /* FLAnimatedImageView.h */,
				7C6BBD141E1F2483007A2435 /* FLAnimatedImageView.m */,
				7C6BBD151E1F2483007A2435 /* Info.plist */,
			);
			path = FLAnimatedImage;
			sourceTree = "<group>";
		};
		7C6BBD161E1F2483007A2435 /* iCarousel */ = {
			isa = PBXGroup;
			children = (
				7C6BBD171E1F2483007A2435 /* iCarousel.h */,
				7C6BBD181E1F2483007A2435 /* iCarousel.m */,
			);
			path = iCarousel;
			sourceTree = "<group>";
		};
		7C6BBD1A1E1F2483007A2435 /* WMPageController */ = {
			isa = PBXGroup;
			children = (
				7C6BBD1B1E1F2483007A2435 /* WMMenuView */,
				7C6BBD241E1F2483007A2435 /* WMPageConst.h */,
				7C6BBD251E1F2483007A2435 /* WMPageController.h */,
				7C6BBD261E1F2483007A2435 /* WMPageController.m */,
			);
			path = WMPageController;
			sourceTree = "<group>";
		};
		7C6BBD1B1E1F2483007A2435 /* WMMenuView */ = {
			isa = PBXGroup;
			children = (
				7C6BBD1C1E1F2483007A2435 /* WMMenuItem.h */,
				7C6BBD1D1E1F2483007A2435 /* WMMenuItem.m */,
				7C6BBD1E1E1F2483007A2435 /* WMMenuView.h */,
				7C6BBD1F1E1F2483007A2435 /* WMMenuView.m */,
				7C6BBD201E1F2483007A2435 /* WMProgressView.h */,
				7C6BBD211E1F2483007A2435 /* WMProgressView.m */,
				7C6BBD221E1F2483007A2435 /* WMScrollView.h */,
				7C6BBD231E1F2483007A2435 /* WMScrollView.m */,
			);
			path = WMMenuView;
			sourceTree = "<group>";
		};
		7C6BBD4E1E1F2CAF007A2435 /* Home */ = {
			isa = PBXGroup;
			children = (
				7C6BBD4F1E1F2CAF007A2435 /* Controller */,
				7C6BBD501E1F2CAF007A2435 /* Model */,
				7C6BBD511E1F2CAF007A2435 /* View */,
			);
			path = Home;
			sourceTree = "<group>";
		};
		7C6BBD4F1E1F2CAF007A2435 /* Controller */ = {
			isa = PBXGroup;
			children = (
				7C6BBD701E1F3F23007A2435 /* UNHomeTableViewController.h */,
				7C6BBD711E1F3F23007A2435 /* UNHomeTableViewController.m */,
				7C12449A1E24D0C80071A8CC /* MenuList */,
				7C6BBD881E1FA659007A2435 /* UNAllFoodsListController.h */,
				7C6BBD891E1FA659007A2435 /* UNAllFoodsListController.m */,
				7CFC103C1E2381300023BC0A /* UNFoodDetailController.h */,
				7CFC103D1E2381300023BC0A /* UNFoodDetailController.m */,
				7CFC103E1E2381300023BC0A /* UNFoodDetailController.xib */,
			);
			path = Controller;
			sourceTree = "<group>";
		};
		7C6BBD501E1F2CAF007A2435 /* Model */ = {
			isa = PBXGroup;
			children = (
				7C1244861E248BFA0071A8CC /* Old */,
				7C1244871E248C2A0071A8CC /* HomeMenuModel.h */,
				7C1244881E248C2A0071A8CC /* HomeMenuModel.m */,
				7C12448F1E24B9940071A8CC /* HomeListModel.h */,
				7C1244901E24B9940071A8CC /* HomeListModel.m */,
			);
			path = Model;
			sourceTree = "<group>";
		};
		7C6BBD511E1F2CAF007A2435 /* View */ = {
			isa = PBXGroup;
			children = (
				7C6BBD731E1F469F007A2435 /* UNCookingStyleCell.h */,
				7C6BBD741E1F469F007A2435 /* UNCookingStyleCell.m */,
				7C6BBD751E1F469F007A2435 /* UNCookingStyleCell.xib */,
				7C12448A1E24ABD00071A8CC /* UNHomeCollectionViewCell.h */,
				7C12448B1E24ABD00071A8CC /* UNHomeCollectionViewCell.m */,
				7C12448C1E24ABD00071A8CC /* UNHomeCollectionViewCell.xib */,
				7C6BBD811E1F49FE007A2435 /* UNCookFoodCollectionCell.h */,
				7C6BBD821E1F49FE007A2435 /* UNCookFoodCollectionCell.m */,
				7C6BBD831E1F49FE007A2435 /* UNCookFoodCollectionCell.xib */,
				7C6BBD8B1E1FA6B3007A2435 /* UNFoodCell.h */,
				7C6BBD8C1E1FA6B3007A2435 /* UNFoodCell.m */,
				7C6BBD8D1E1FA6B3007A2435 /* UNFoodCell.xib */,
				7C1244921E24C2660071A8CC /* UNHomeListCell.h */,
				7C1244931E24C2660071A8CC /* UNHomeListCell.m */,
				7C1244941E24C2660071A8CC /* UNHomeListCell.xib */,
			);
			path = View;
			sourceTree = "<group>";
		};
		7C6BBD521E1F2CAF007A2435 /* Mine */ = {
			isa = PBXGroup;
			children = (
				7C6BBD531E1F2CAF007A2435 /* Controller */,
				7C6BBD541E1F2CAF007A2435 /* Model */,
				7C6BBD551E1F2CAF007A2435 /* View */,
			);
			path = Mine;
			sourceTree = "<group>";
		};
		7C6BBD531E1F2CAF007A2435 /* Controller */ = {
			isa = PBXGroup;
			children = (
				7C6BBD671E1F3EC6007A2435 /* UNMineViewController.h */,
				7C6BBD681E1F3EC6007A2435 /* UNMineViewController.m */,
			);
			path = Controller;
			sourceTree = "<group>";
		};
		7C6BBD541E1F2CAF007A2435 /* Model */ = {
			isa = PBXGroup;
			children = (
			);
			path = Model;
			sourceTree = "<group>";
		};
		7C6BBD551E1F2CAF007A2435 /* View */ = {
			isa = PBXGroup;
			children = (
			);
			path = View;
			sourceTree = "<group>";
		};
		7C6BBD561E1F2CAF007A2435 /* Wonderful */ = {
			isa = PBXGroup;
			children = (
				7C6BBD571E1F2CAF007A2435 /* Controller */,
				7C6BBD581E1F2CAF007A2435 /* Model */,
				7C6BBD591E1F2CAF007A2435 /* View */,
			);
			path = Wonderful;
			sourceTree = "<group>";
		};
		7C6BBD571E1F2CAF007A2435 /* Controller */ = {
			isa = PBXGroup;
			children = (
				7CFED10A1E208D1D0065A098 /* UNWonderfulViewController.h */,
				7CFED10B1E208D1D0065A098 /* UNWonderfulViewController.m */,
				7C054C461E239E2B005ECD3F /* UNWFoodDetailViewController.h */,
				7C054C471E239E2B005ECD3F /* UNWFoodDetailViewController.m */,
			);
			path = Controller;
			sourceTree = "<group>";
		};
		7C6BBD581E1F2CAF007A2435 /* Model */ = {
			isa = PBXGroup;
			children = (
				7CFED1071E2083D50065A098 /* YXMenuModel.h */,
				7CFED1081E2083D50065A098 /* YXMenuModel.m */,
			);
			path = Model;
			sourceTree = "<group>";
		};
		7C6BBD591E1F2CAF007A2435 /* View */ = {
			isa = PBXGroup;
			children = (
				7CFED10D1E20988D0065A098 /* UNWonderMenuLayout.h */,
				7CFED10E1E20988D0065A098 /* UNWonderMenuLayout.m */,
				7CFED1131E20C0160065A098 /* UNWonderMenuCell.h */,
				7CFED1141E20C0160065A098 /* UNWonderMenuCell.m */,
				7CFED1151E20C0160065A098 /* UNWonderMenuCell.xib */,
			);
			path = View;
			sourceTree = "<group>";
		};
		7C6BBD5A1E1F2CEF007A2435 /* BaseVC */ = {
			isa = PBXGroup;
			children = (
				7C6BBD5B1E1F2CEF007A2435 /* Controller */,
				7C6BBD5C1E1F2CEF007A2435 /* Model */,
				7C6BBD5D1E1F2CEF007A2435 /* View */,
			);
			path = BaseVC;
			sourceTree = "<group>";
		};
		7C6BBD5B1E1F2CEF007A2435 /* Controller */ = {
			isa = PBXGroup;
			children = (
				7C6BBD611E1F3DC5007A2435 /* UNMainTarBarController.h */,
				7C6BBD621E1F3DC5007A2435 /* UNMainTarBarController.m */,
				7C6BBD641E1F3DD9007A2435 /* UNBaseNavController.h */,
				7C6BBD651E1F3DD9007A2435 /* UNBaseNavController.m */,
			);
			path = Controller;
			sourceTree = "<group>";
		};
		7C6BBD5C1E1F2CEF007A2435 /* Model */ = {
			isa = PBXGroup;
			children = (
			);
			path = Model;
			sourceTree = "<group>";
		};
		7C6BBD5D1E1F2CEF007A2435 /* View */ = {
			isa = PBXGroup;
			children = (
			);
			path = View;
			sourceTree = "<group>";
		};
		7C6BBD781E1F4770007A2435 /* Images */ = {
			isa = PBXGroup;
			children = (
				7C4194451E25D6F000F505A2 /* fav_sx_icon_36.png */,
				7C6BBD861E1F5A0F007A2435 /* background_image.jpeg */,
				7C6BBD7D1E1F4882007A2435 /* bt_all_normal@2x.png */,
				7C6BBD7E1E1F4882007A2435 /* bt_all_normal@3x.png */,
				7CCA55461E20E111008DF870 /* ms_caipu_time@2x.png */,
				7CCA55471E20E111008DF870 /* ms_caipu_time@3x.png */,
				7C4194321E25CCEB00F505A2 /* ms_caipu_level_un@2x.png */,
				7C4194331E25CCEB00F505A2 /* ms_caipu_level_un@3x.png */,
				7C4194341E25CCEB00F505A2 /* ms_caipu_level@2x.png */,
				7C4194351E25CCEB00F505A2 /* ms_caipu_level@3x.png */,
				7C41944E1E260B8600F505A2 /* ms_xiala@2x.png */,
				7CCA554A1E20E57B008DF870 /* topbtn_on@2x.png */,
				7CCA554B1E20E57B008DF870 /* topbtn_on@3x.png */,
				7CCA554E1E20E588008DF870 /* back_top_icon_gray@2x.png */,
				7CCA554F1E20E588008DF870 /* back_top_icon_gray@3x.png */,
				7C054C4B1E23A8CD005ECD3F /* bt_playlist_play_normal@2x.png */,
				7C054C4C1E23A8CD005ECD3F /* bt_playlist_play_normal@3x.png */,
				7C054C4D1E23A8CD005ECD3F /* bt_playlist_play_press@2x.png */,
				7C054C4E1E23A8CD005ECD3F /* bt_playlist_play_press@3x.png */,
				7C054C611E23B2E8005ECD3F /* bt_listen-knowledge_share_button_normal@2x.png */,
				7C054C621E23B2E8005ECD3F /* bt_listen-knowledge_share_button_press@2x.png */,
				7C054C531E23AB73005ECD3F /* bt_banner_closed0_normal@2x.png */,
				7C054C541E23AB73005ECD3F /* bt_banner_closed0_normal@3x.png */,
				7C054C551E23AB73005ECD3F /* bt_banner_closed0_press@2x.png */,
				7C054C561E23AB73005ECD3F /* bt_banner_closed0_press@3x.png */,
				7C054C5B1E23ABA2005ECD3F /* bt_listen-knowledge_like_button_hl@2x.png */,
				7C054C5C1E23ABA2005ECD3F /* bt_listen-knowledge_like_button_normal@2x.png */,
				7C054C5D1E23ABA2005ECD3F /* bt_listen-knowledge_like_button_press@2x.png */,
			);
			path = Images;
			sourceTree = "<group>";
		};
		7CF8D5671E1EB0A500041DAB = {
			isa = PBXGroup;
			children = (
				7CF8D5721E1EB0A500041DAB /* Cooking */,
				7CF8D58C1E1EB0A500041DAB /* CookingTests */,
				7CF8D5971E1EB0A500041DAB /* CookingUITests */,
				7CF8D5711E1EB0A500041DAB /* Products */,
				40F8A5E0348A6DD9B32C6071 /* Pods */,
				4662D3F9D54D7B76A30AF999 /* Frameworks */,
			);
			sourceTree = "<group>";
		};
		7CF8D5711E1EB0A500041DAB /* Products */ = {
			isa = PBXGroup;
			children = (
				7CF8D5701E1EB0A500041DAB /* Cooking.app */,
				7CF8D5891E1EB0A500041DAB /* CookingTests.xctest */,
				7CF8D5941E1EB0A500041DAB /* CookingUITests.xctest */,
			);
			name = Products;
			sourceTree = "<group>";
		};
		7CF8D5721E1EB0A500041DAB /* Cooking */ = {
			isa = PBXGroup;
			children = (
				7CF8D5761E1EB0A500041DAB /* AppDelegate.h */,
				7CF8D5771E1EB0A500041DAB /* AppDelegate.m */,
				7C6BBD5A1E1F2CEF007A2435 /* BaseVC */,
				7C6BBD4E1E1F2CAF007A2435 /* Home */,
				7C6BBD561E1F2CAF007A2435 /* Wonderful */,
				7C6BBD521E1F2CAF007A2435 /* Mine */,
				7CFD0E601E226F19000DA902 /* diet */,
				7CFD0E641E226F19000DA902 /* DietaryTaboos */,
				7CF8D57C1E1EB0A500041DAB /* Main.storyboard */,
				7CF8D57F1E1EB0A500041DAB /* Assets.xcassets */,
				7CF8D5811E1EB0A500041DAB /* LaunchScreen.storyboard */,
				7CF8D5841E1EB0A500041DAB /* Info.plist */,
				7C6BBD081E1F2483007A2435 /* Constant.h */,
				7C6BBD0E1E1F2483007A2435 /* PrefixHeader.pch */,
				7C6BBD091E1F2483007A2435 /* NetManager */,
				7C6BBD0F1E1F2483007A2435 /* Vendor */,
				7C6BBCFE1E1F2461007A2435 /* Category */,
				7CF8D5731E1EB0A500041DAB /* Supporting Files */,
			);
			path = Cooking;
			sourceTree = "<group>";
		};
		7CF8D5731E1EB0A500041DAB /* Supporting Files */ = {
			isa = PBXGroup;
			children = (
				7C6BBD781E1F4770007A2435 /* Images */,
				7CF8D5741E1EB0A500041DAB /* main.m */,
			);
			name = "Supporting Files";
			sourceTree = "<group>";
		};
		7CF8D58C1E1EB0A500041DAB /* CookingTests */ = {
			isa = PBXGroup;
			children = (
				7CF8D58D1E1EB0A500041DAB /* CookingTests.m */,
				7CF8D58F1E1EB0A500041DAB /* Info.plist */,
			);
			path = CookingTests;
			sourceTree = "<group>";
		};
		7CF8D5971E1EB0A500041DAB /* CookingUITests */ = {
			isa = PBXGroup;
			children = (
				7CF8D5981E1EB0A500041DAB /* CookingUITests.m */,
				7CF8D59A1E1EB0A500041DAB /* Info.plist */,
			);
			path = CookingUITests;
			sourceTree = "<group>";
		};
		7CFC10301E236B720023BC0A /* YBPopupMenu */ = {
			isa = PBXGroup;
			children = (
				7CFC10311E236B720023BC0A /* YBPopupMenu.h */,
				7CFC10321E236B720023BC0A /* YBPopupMenu.m */,
			);
			path = YBPopupMenu;
			sourceTree = "<group>";
		};
		7CFD0E601E226F19000DA902 /* diet */ = {
			isa = PBXGroup;
			children = (
				7CFD0E611E226F19000DA902 /* Controller */,
				7CFD0E621E226F19000DA902 /* Model */,
				7CFD0E631E226F19000DA902 /* View */,
			);
			path = diet;
			sourceTree = "<group>";
		};
		7CFD0E611E226F19000DA902 /* Controller */ = {
			isa = PBXGroup;
			children = (
				7CFD0EB11E22929B000DA902 /* UNDietViewController.h */,
				7CFD0EB21E22929B000DA902 /* UNDietViewController.m */,
				7C054C651E23B64F005ECD3F /* UNDietDetailViewController.h */,
				7C054C661E23B64F005ECD3F /* UNDietDetailViewController.m */,
				7C054C671E23B64F005ECD3F /* UNDietDetailViewController.xib */,
			);
			path = Controller;
			sourceTree = "<group>";
		};
		7CFD0E621E226F19000DA902 /* Model */ = {
			isa = PBXGroup;
			children = (
				7CFD0EB41E229479000DA902 /* UNDietListModel.h */,
				7CFD0EB51E229479000DA902 /* UNDietListModel.m */,
				7CFD0EBA1E22A374000DA902 /* UNDietMenuModel.h */,
				7CFD0EBB1E22A374000DA902 /* UNDietMenuModel.m */,
			);
			path = Model;
			sourceTree = "<group>";
		};
		7CFD0E631E226F19000DA902 /* View */ = {
			isa = PBXGroup;
			children = (
				7CFC10241E2323EB0023BC0A /* UNDietCollectionViewCell.h */,
				7CFC10251E2323EB0023BC0A /* UNDietCollectionViewCell.m */,
				7CFC10261E2323EB0023BC0A /* UNDietCollectionViewCell.xib */,
				7CFC10291E232FB50023BC0A /* UNChoiceMenuView.h */,
				7CFC102A1E232FB50023BC0A /* UNChoiceMenuView.m */,
				7CFC102C1E232FC30023BC0A /* UNChoiceMenuView.xib */,
			);
			path = View;
			sourceTree = "<group>";
		};
		7CFD0E641E226F19000DA902 /* DietaryTaboos */ = {
			isa = PBXGroup;
			children = (
				7CFD0E651E226F19000DA902 /* Controller */,
				7CFD0E661E226F19000DA902 /* Model */,
				7CFD0E671E226F19000DA902 /* View */,
			);
			path = DietaryTaboos;
			sourceTree = "<group>";
		};
		7CFD0E651E226F19000DA902 /* Controller */ = {
			isa = PBXGroup;
			children = (
				7C4194231E25BDE000F505A2 /* OldController */,
				7C4194271E25C3DB00F505A2 /* UNDietBaikePageController.h */,
				7C4194281E25C3DB00F505A2 /* UNDietBaikePageController.m */,
				7C41942A1E25CB6D00F505A2 /* UNDietBaikeListController.h */,
				7C41942B1E25CB6D00F505A2 /* UNDietBaikeListController.m */,
				7C4194491E25E07100F505A2 /* UnDietBaikeDetailWebController.h */,
				7C41944A1E25E07100F505A2 /* UnDietBaikeDetailWebController.m */,
				7C41944B1E25E07100F505A2 /* UnDietBaikeDetailWebController.xib */,
			);
			path = Controller;
			sourceTree = "<group>";
		};
		7CFD0E661E226F19000DA902 /* Model */ = {
			isa = PBXGroup;
			children = (
				7C4194221E25BDD500F505A2 /* OldModel */,
				7C4194241E25BE7500F505A2 /* UNDietBaiKeModel.h */,
				7C4194251E25BE7500F505A2 /* UNDietBaiKeModel.m */,
			);
			path = Model;
			sourceTree = "<group>";
		};
		7CFD0E671E226F19000DA902 /* View */ = {
			isa = PBXGroup;
			children = (
				7C41942D1E25CB8E00F505A2 /* UNDietBaikeCell.h */,
				7C41942E1E25CB8E00F505A2 /* UNDietBaikeCell.m */,
				7C41942F1E25CB8E00F505A2 /* UNDietBaikeCell.xib */,
			);
			path = View;
			sourceTree = "<group>";
		};
		7CFD0EAD1E228F31000DA902 /* CHTCollectionViewWaterfallLayout */ = {
			isa = PBXGroup;
			children = (
				7CFD0EAE1E228F3C000DA902 /* CHTCollectionViewWaterfallLayout.h */,
				7CFD0EAF1E228F3C000DA902 /* CHTCollectionViewWaterfallLayout.m */,
			);
			path = CHTCollectionViewWaterfallLayout;
			sourceTree = "<group>";
		};
/* End PBXGroup section */

/* Begin PBXNativeTarget section */
		7CF8D56F1E1EB0A500041DAB /* Cooking */ = {
			isa = PBXNativeTarget;
			buildConfigurationList = 7CF8D59D1E1EB0A500041DAB /* Build configuration list for PBXNativeTarget "Cooking" */;
			buildPhases = (
				7D1D236C222CA36CFC5449EB /* [CP] Check Pods Manifest.lock */,
				7CF8D56C1E1EB0A500041DAB /* Sources */,
				7CF8D56D1E1EB0A500041DAB /* Frameworks */,
				7CF8D56E1E1EB0A500041DAB /* Resources */,
				F9E08325BDA980979156E49E /* [CP] Embed Pods Frameworks */,
				E6FA3A8E830826841CFAAF16 /* [CP] Copy Pods Resources */,
			);
			buildRules = (
			);
			dependencies = (
			);
			name = Cooking;
			productName = Cooking;
			productReference = 7CF8D5701E1EB0A500041DAB /* Cooking.app */;
			productType = "com.apple.product-type.application";
		};
		7CF8D5881E1EB0A500041DAB /* CookingTests */ = {
			isa = PBXNativeTarget;
			buildConfigurationList = 7CF8D5A01E1EB0A500041DAB /* Build configuration list for PBXNativeTarget "CookingTests" */;
			buildPhases = (
				7CF8D5851E1EB0A500041DAB /* Sources */,
				7CF8D5861E1EB0A500041DAB /* Frameworks */,
				7CF8D5871E1EB0A500041DAB /* Resources */,
			);
			buildRules = (
			);
			dependencies = (
				7CF8D58B1E1EB0A500041DAB /* PBXTargetDependency */,
			);
			name = CookingTests;
			productName = CookingTests;
			productReference = 7CF8D5891E1EB0A500041DAB /* CookingTests.xctest */;
			productType = "com.apple.product-type.bundle.unit-test";
		};
		7CF8D5931E1EB0A500041DAB /* CookingUITests */ = {
			isa = PBXNativeTarget;
			buildConfigurationList = 7CF8D5A31E1EB0A500041DAB /* Build configuration list for PBXNativeTarget "CookingUITests" */;
			buildPhases = (
				7CF8D5901E1EB0A500041DAB /* Sources */,
				7CF8D5911E1EB0A500041DAB /* Frameworks */,
				7CF8D5921E1EB0A500041DAB /* Resources */,
			);
			buildRules = (
			);
			dependencies = (
				7CF8D5961E1EB0A500041DAB /* PBXTargetDependency */,
			);
			name = CookingUITests;
			productName = CookingUITests;
			productReference = 7CF8D5941E1EB0A500041DAB /* CookingUITests.xctest */;
			productType = "com.apple.product-type.bundle.ui-testing";
		};
/* End PBXNativeTarget section */

/* Begin PBXProject section */
		7CF8D5681E1EB0A500041DAB /* Project object */ = {
			isa = PBXProject;
			attributes = {
				LastUpgradeCheck = 0820;
				ORGANIZATIONNAME = universe;
				TargetAttributes = {
					7CF8D56F1E1EB0A500041DAB = {
						CreatedOnToolsVersion = 8.2;
						DevelopmentTeam = 754TY7VH2R;
						ProvisioningStyle = Automatic;
					};
					7CF8D5881E1EB0A500041DAB = {
						CreatedOnToolsVersion = 8.2;
						ProvisioningStyle = Automatic;
						TestTargetID = 7CF8D56F1E1EB0A500041DAB;
					};
					7CF8D5931E1EB0A500041DAB = {
						CreatedOnToolsVersion = 8.2;
						ProvisioningStyle = Automatic;
						TestTargetID = 7CF8D56F1E1EB0A500041DAB;
					};
				};
			};
			buildConfigurationList = 7CF8D56B1E1EB0A500041DAB /* Build configuration list for PBXProject "Cooking" */;
			compatibilityVersion = "Xcode 3.2";
			developmentRegion = English;
			hasScannedForEncodings = 0;
			knownRegions = (
				en,
				Base,
			);
			mainGroup = 7CF8D5671E1EB0A500041DAB;
			productRefGroup = 7CF8D5711E1EB0A500041DAB /* Products */;
			projectDirPath = "";
			projectRoot = "";
			targets = (
				7CF8D56F1E1EB0A500041DAB /* Cooking */,
				7CF8D5881E1EB0A500041DAB /* CookingTests */,
				7CF8D5931E1EB0A500041DAB /* CookingUITests */,
			);
		};
/* End PBXProject section */

/* Begin PBXResourcesBuildPhase section */
		7CF8D56E1E1EB0A500041DAB /* Resources */ = {
			isa = PBXResourcesBuildPhase;
			buildActionMask = 2147483647;
			files = (
				7CCA55481E20E111008DF870 /* ms_caipu_time@2x.png in Resources */,
				7C054C591E23AB73005ECD3F /* bt_banner_closed0_press@2x.png in Resources */,
				7CFC102D1E232FC30023BC0A /* UNChoiceMenuView.xib in Resources */,
				7C6BBD851E1F49FE007A2435 /* UNCookFoodCollectionCell.xib in Resources */,
				7C6BBD871E1F5A0F007A2435 /* background_image.jpeg in Resources */,
				7CCA55501E20E588008DF870 /* back_top_icon_gray@2x.png in Resources */,
				7C6BBD2B1E1F2483007A2435 /* Info.plist in Resources */,
				7C41944D1E25E07100F505A2 /* UnDietBaikeDetailWebController.xib in Resources */,
				7CF8D5831E1EB0A500041DAB /* LaunchScreen.storyboard in Resources */,
				7C4194371E25CCEB00F505A2 /* ms_caipu_level_un@3x.png in Resources */,
				7C41944F1E260B8600F505A2 /* ms_xiala@2x.png in Resources */,
				7CCA554D1E20E57B008DF870 /* topbtn_on@3x.png in Resources */,
				7CFED1171E20C0160065A098 /* UNWonderMenuCell.xib in Resources */,
				7C6BBD8F1E1FA6B3007A2435 /* UNFoodCell.xib in Resources */,
				7C054C511E23A8CD005ECD3F /* bt_playlist_play_press@2x.png in Resources */,
				7C4194361E25CCEB00F505A2 /* ms_caipu_level_un@2x.png in Resources */,
				7C054C641E23B2E8005ECD3F /* bt_listen-knowledge_share_button_press@2x.png in Resources */,
				7C054C5F1E23ABA2005ECD3F /* bt_listen-knowledge_like_button_normal@2x.png in Resources */,
				7CF8D5801E1EB0A500041DAB /* Assets.xcassets in Resources */,
				7C4194391E25CCEB00F505A2 /* ms_caipu_level@3x.png in Resources */,
				7C6BBD7F1E1F4882007A2435 /* bt_all_normal@2x.png in Resources */,
				7C12448E1E24ABD00071A8CC /* UNHomeCollectionViewCell.xib in Resources */,
				7C054C5E1E23ABA2005ECD3F /* bt_listen-knowledge_like_button_hl@2x.png in Resources */,
				7C6BBD801E1F4882007A2435 /* bt_all_normal@3x.png in Resources */,
				7C054C631E23B2E8005ECD3F /* bt_listen-knowledge_share_button_normal@2x.png in Resources */,
				7C4194381E25CCEB00F505A2 /* ms_caipu_level@2x.png in Resources */,
				7CFC10401E2381300023BC0A /* UNFoodDetailController.xib in Resources */,
				7C054C4F1E23A8CD005ECD3F /* bt_playlist_play_normal@2x.png in Resources */,
				7C4194461E25D6F000F505A2 /* fav_sx_icon_36.png in Resources */,
				7CCA55491E20E111008DF870 /* ms_caipu_time@3x.png in Resources */,
				7C054C691E23B64F005ECD3F /* UNDietDetailViewController.xib in Resources */,
				7C12449F1E24D0E80071A8CC /* UNMenuListCell.xib in Resources */,
				7C054C501E23A8CD005ECD3F /* bt_playlist_play_normal@3x.png in Resources */,
				7C054C571E23AB73005ECD3F /* bt_banner_closed0_normal@2x.png in Resources */,
				7C4194311E25CB8E00F505A2 /* UNDietBaikeCell.xib in Resources */,
				7CFC10281E2323EB0023BC0A /* UNDietCollectionViewCell.xib in Resources */,
				7C1244961E24C2660071A8CC /* UNHomeListCell.xib in Resources */,
				7C054C521E23A8CD005ECD3F /* bt_playlist_play_press@3x.png in Resources */,
				7C054C581E23AB73005ECD3F /* bt_banner_closed0_normal@3x.png in Resources */,
				7CCA55511E20E588008DF870 /* back_top_icon_gray@3x.png in Resources */,
				7C054C5A1E23AB73005ECD3F /* bt_banner_closed0_press@3x.png in Resources */,
				7C054C601E23ABA2005ECD3F /* bt_listen-knowledge_like_button_press@2x.png in Resources */,
				7C6BBD771E1F469F007A2435 /* UNCookingStyleCell.xib in Resources */,
				7CCA554C1E20E57B008DF870 /* topbtn_on@2x.png in Resources */,
				7CF8D57E1E1EB0A500041DAB /* Main.storyboard in Resources */,
			);
			runOnlyForDeploymentPostprocessing = 0;
		};
		7CF8D5871E1EB0A500041DAB /* Resources */ = {
			isa = PBXResourcesBuildPhase;
			buildActionMask = 2147483647;
			files = (
			);
			runOnlyForDeploymentPostprocessing = 0;
		};
		7CF8D5921E1EB0A500041DAB /* Resources */ = {
			isa = PBXResourcesBuildPhase;
			buildActionMask = 2147483647;
			files = (
			);
			runOnlyForDeploymentPostprocessing = 0;
		};
/* End PBXResourcesBuildPhase section */

/* Begin PBXShellScriptBuildPhase section */
		7D1D236C222CA36CFC5449EB /* [CP] Check Pods Manifest.lock */ = {
			isa = PBXShellScriptBuildPhase;
			buildActionMask = 2147483647;
			files = (
			);
			inputPaths = (
			);
			name = "[CP] Check Pods Manifest.lock";
			outputPaths = (
			);
			runOnlyForDeploymentPostprocessing = 0;
			shellPath = /bin/sh;
			shellScript = "diff \"${PODS_ROOT}/../Podfile.lock\" \"${PODS_ROOT}/Manifest.lock\" > /dev/null\nif [ $? != 0 ] ; then\n    # print error to STDERR\n    echo \"error: The sandbox is not in sync with the Podfile.lock. Run 'pod install' or update your CocoaPods installation.\" >&2\n    exit 1\nfi\n";
			showEnvVarsInLog = 0;
		};
		E6FA3A8E830826841CFAAF16 /* [CP] Copy Pods Resources */ = {
			isa = PBXShellScriptBuildPhase;
			buildActionMask = 2147483647;
			files = (
			);
			inputPaths = (
			);
			name = "[CP] Copy Pods Resources";
			outputPaths = (
			);
			runOnlyForDeploymentPostprocessing = 0;
			shellPath = /bin/sh;
			shellScript = "\"${SRCROOT}/Pods/Target Support Files/Pods-Cooking/Pods-Cooking-resources.sh\"\n";
			showEnvVarsInLog = 0;
		};
		F9E08325BDA980979156E49E /* [CP] Embed Pods Frameworks */ = {
			isa = PBXShellScriptBuildPhase;
			buildActionMask = 2147483647;
			files = (
			);
			inputPaths = (
			);
			name = "[CP] Embed Pods Frameworks";
			outputPaths = (
			);
			runOnlyForDeploymentPostprocessing = 0;
			shellPath = /bin/sh;
			shellScript = "\"${SRCROOT}/Pods/Target Support Files/Pods-Cooking/Pods-Cooking-frameworks.sh\"\n";
			showEnvVarsInLog = 0;
		};
/* End PBXShellScriptBuildPhase section */

/* Begin PBXSourcesBuildPhase section */
		7CF8D56C1E1EB0A500041DAB /* Sources */ = {
			isa = PBXSourcesBuildPhase;
			buildActionMask = 2147483647;
			files = (
				7C12448D1E24ABD00071A8CC /* UNHomeCollectionViewCell.m in Sources */,
				7CFC10331E236B720023BC0A /* YBPopupMenu.m in Sources */,
				7C054C491E239E2B005ECD3F /* UNWFoodDetailViewController.m in Sources */,
				7CFD0EB01E228F3C000DA902 /* CHTCollectionViewWaterfallLayout.m in Sources */,
				7C6BBD841E1F49FE007A2435 /* UNCookFoodCollectionCell.m in Sources */,
				7CFD0EBC1E22A374000DA902 /* UNDietMenuModel.m in Sources */,
				7CFD0EB61E229479000DA902 /* UNDietListModel.m in Sources */,
				7C6BBD071E1F2461007A2435 /* UIView+HUD.m in Sources */,
				7CFC102B1E232FB50023BC0A /* UNChoiceMenuView.m in Sources */,
				7CFC10361E2370380023BC0A /* UNDietaryModel.m in Sources */,
				7CFD0E6D1E226F58000DA902 /* UNDietaryTaboosController.m in Sources */,
				7C6BBD2E1E1F2483007A2435 /* WMMenuView.m in Sources */,
				7C4194291E25C3DB00F505A2 /* UNDietBaikePageController.m in Sources */,
				7C6BBD311E1F2483007A2435 /* WMPageController.m in Sources */,
				7C41944C1E25E07100F505A2 /* UnDietBaikeDetailWebController.m in Sources */,
				7CFED1161E20C0160065A098 /* UNWonderMenuCell.m in Sources */,
				7CFED10C1E208D1D0065A098 /* UNWonderfulViewController.m in Sources */,
				7C6BBD631E1F3DC5007A2435 /* UNMainTarBarController.m in Sources */,
				7C4194301E25CB8E00F505A2 /* UNDietBaikeCell.m in Sources */,
				7C6BBD281E1F2483007A2435 /* NetManager.m in Sources */,
				7C6BBD301E1F2483007A2435 /* WMScrollView.m in Sources */,
				7C6BBD061E1F2461007A2435 /* UIColor+RandomColor.m in Sources */,
				7C6BBD2F1E1F2483007A2435 /* WMProgressView.m in Sources */,
				7C41942C1E25CB6D00F505A2 /* UNDietBaikeListController.m in Sources */,
				7C1244991E24D0BE0071A8CC /* UNHomeMenuListController.m in Sources */,
				7C6BBD2C1E1F2483007A2435 /* iCarousel.m in Sources */,
				7C6BBD661E1F3DD9007A2435 /* UNBaseNavController.m in Sources */,
				7C6BBD051E1F2461007A2435 /* NSObject+Parse.m in Sources */,
				7CF8D5781E1EB0A500041DAB /* AppDelegate.m in Sources */,
				7C6BBD691E1F3EC6007A2435 /* UNMineViewController.m in Sources */,
				7C1244891E248C2A0071A8CC /* HomeMenuModel.m in Sources */,
				7C12449E1E24D0E80071A8CC /* UNMenuListCell.m in Sources */,
				7CFED1091E2083D50065A098 /* YXMenuModel.m in Sources */,
				7C6BBD8E1E1FA6B3007A2435 /* UNFoodCell.m in Sources */,
				7C6BBD8A1E1FA659007A2435 /* UNAllFoodsListController.m in Sources */,
				7C6BBD601E1F3692007A2435 /* CookingStyleModel.m in Sources */,
				7CFED10F1E20988D0065A098 /* UNWonderMenuLayout.m in Sources */,
				7C6BBD271E1F2483007A2435 /* BaseNetManager.m in Sources */,
				7C4194261E25BE7500F505A2 /* UNDietBaiKeModel.m in Sources */,
				7CFC103F1E2381300023BC0A /* UNFoodDetailController.m in Sources */,
				7C6BBD721E1F3F23007A2435 /* UNHomeTableViewController.m in Sources */,
				7C6BBD2A1E1F2483007A2435 /* FLAnimatedImageView.m in Sources */,
				7C1244911E24B9940071A8CC /* HomeListModel.m in Sources */,
				7CF8D5751E1EB0A500041DAB /* main.m in Sources */,
				7C054C681E23B64F005ECD3F /* UNDietDetailViewController.m in Sources */,
				7C6BBD291E1F2483007A2435 /* FLAnimatedImage.m in Sources */,
				7C6BBD761E1F469F007A2435 /* UNCookingStyleCell.m in Sources */,
				7CFC10271E2323EB0023BC0A /* UNDietCollectionViewCell.m in Sources */,
				7C6BBD2D1E1F2483007A2435 /* WMMenuItem.m in Sources */,
				7CFD0EB31E22929B000DA902 /* UNDietViewController.m in Sources */,
				7C1244951E24C2660071A8CC /* UNHomeListCell.m in Sources */,
			);
			runOnlyForDeploymentPostprocessing = 0;
		};
		7CF8D5851E1EB0A500041DAB /* Sources */ = {
			isa = PBXSourcesBuildPhase;
			buildActionMask = 2147483647;
			files = (
				7CF8D58E1E1EB0A500041DAB /* CookingTests.m in Sources */,
			);
			runOnlyForDeploymentPostprocessing = 0;
		};
		7CF8D5901E1EB0A500041DAB /* Sources */ = {
			isa = PBXSourcesBuildPhase;
			buildActionMask = 2147483647;
			files = (
				7CF8D5991E1EB0A500041DAB /* CookingUITests.m in Sources */,
			);
			runOnlyForDeploymentPostprocessing = 0;
		};
/* End PBXSourcesBuildPhase section */

/* Begin PBXTargetDependency section */
		7CF8D58B1E1EB0A500041DAB /* PBXTargetDependency */ = {
			isa = PBXTargetDependency;
			target = 7CF8D56F1E1EB0A500041DAB /* Cooking */;
			targetProxy = 7CF8D58A1E1EB0A500041DAB /* PBXContainerItemProxy */;
		};
		7CF8D5961E1EB0A500041DAB /* PBXTargetDependency */ = {
			isa = PBXTargetDependency;
			target = 7CF8D56F1E1EB0A500041DAB /* Cooking */;
			targetProxy = 7CF8D5951E1EB0A500041DAB /* PBXContainerItemProxy */;
		};
/* End PBXTargetDependency section */

/* Begin PBXVariantGroup section */
		7CF8D57C1E1EB0A500041DAB /* Main.storyboard */ = {
			isa = PBXVariantGroup;
			children = (
				7CF8D57D1E1EB0A500041DAB /* Base */,
			);
			name = Main.storyboard;
			sourceTree = "<group>";
		};
		7CF8D5811E1EB0A500041DAB /* LaunchScreen.storyboard */ = {
			isa = PBXVariantGroup;
			children = (
				7CF8D5821E1EB0A500041DAB /* Base */,
			);
			name = LaunchScreen.storyboard;
			sourceTree = "<group>";
		};
/* End PBXVariantGroup section */

/* Begin XCBuildConfiguration section */
		7CF8D59B1E1EB0A500041DAB /* Debug */ = {
			isa = XCBuildConfiguration;
			buildSettings = {
				ALWAYS_SEARCH_USER_PATHS = NO;
				CLANG_ANALYZER_NONNULL = YES;
				CLANG_CXX_LANGUAGE_STANDARD = "gnu++0x";
				CLANG_CXX_LIBRARY = "libc++";
				CLANG_ENABLE_MODULES = YES;
				CLANG_ENABLE_OBJC_ARC = YES;
				CLANG_WARN_BOOL_CONVERSION = YES;
				CLANG_WARN_CONSTANT_CONVERSION = YES;
				CLANG_WARN_DIRECT_OBJC_ISA_USAGE = YES_ERROR;
				CLANG_WARN_DOCUMENTATION_COMMENTS = YES;
				CLANG_WARN_EMPTY_BODY = YES;
				CLANG_WARN_ENUM_CONVERSION = YES;
				CLANG_WARN_INFINITE_RECURSION = YES;
				CLANG_WARN_INT_CONVERSION = YES;
				CLANG_WARN_OBJC_ROOT_CLASS = YES_ERROR;
				CLANG_WARN_SUSPICIOUS_MOVE = YES;
				CLANG_WARN_UNREACHABLE_CODE = YES;
				CLANG_WARN__DUPLICATE_METHOD_MATCH = YES;
				"CODE_SIGN_IDENTITY[sdk=iphoneos*]" = "iPhone Developer";
				COPY_PHASE_STRIP = NO;
				DEBUG_INFORMATION_FORMAT = dwarf;
				ENABLE_STRICT_OBJC_MSGSEND = YES;
				ENABLE_TESTABILITY = YES;
				GCC_C_LANGUAGE_STANDARD = gnu99;
				GCC_DYNAMIC_NO_PIC = NO;
				GCC_NO_COMMON_BLOCKS = YES;
				GCC_OPTIMIZATION_LEVEL = 0;
				GCC_PREPROCESSOR_DEFINITIONS = (
					"DEBUG=1",
					"$(inherited)",
				);
				GCC_WARN_64_TO_32_BIT_CONVERSION = YES;
				GCC_WARN_ABOUT_RETURN_TYPE = YES_ERROR;
				GCC_WARN_UNDECLARED_SELECTOR = YES;
				GCC_WARN_UNINITIALIZED_AUTOS = YES_AGGRESSIVE;
				GCC_WARN_UNUSED_FUNCTION = YES;
				GCC_WARN_UNUSED_VARIABLE = YES;
				IPHONEOS_DEPLOYMENT_TARGET = 10.2;
				MTL_ENABLE_DEBUG_INFO = YES;
				ONLY_ACTIVE_ARCH = YES;
				SDKROOT = iphoneos;
			};
			name = Debug;
		};
		7CF8D59C1E1EB0A500041DAB /* Release */ = {
			isa = XCBuildConfiguration;
			buildSettings = {
				ALWAYS_SEARCH_USER_PATHS = NO;
				CLANG_ANALYZER_NONNULL = YES;
				CLANG_CXX_LANGUAGE_STANDARD = "gnu++0x";
				CLANG_CXX_LIBRARY = "libc++";
				CLANG_ENABLE_MODULES = YES;
				CLANG_ENABLE_OBJC_ARC = YES;
				CLANG_WARN_BOOL_CONVERSION = YES;
				CLANG_WARN_CONSTANT_CONVERSION = YES;
				CLANG_WARN_DIRECT_OBJC_ISA_USAGE = YES_ERROR;
				CLANG_WARN_DOCUMENTATION_COMMENTS = YES;
				CLANG_WARN_EMPTY_BODY = YES;
				CLANG_WARN_ENUM_CONVERSION = YES;
				CLANG_WARN_INFINITE_RECURSION = YES;
				CLANG_WARN_INT_CONVERSION = YES;
				CLANG_WARN_OBJC_ROOT_CLASS = YES_ERROR;
				CLANG_WARN_SUSPICIOUS_MOVE = YES;
				CLANG_WARN_UNREACHABLE_CODE = YES;
				CLANG_WARN__DUPLICATE_METHOD_MATCH = YES;
				"CODE_SIGN_IDENTITY[sdk=iphoneos*]" = "iPhone Developer";
				COPY_PHASE_STRIP = NO;
				DEBUG_INFORMATION_FORMAT = "dwarf-with-dsym";
				ENABLE_NS_ASSERTIONS = NO;
				ENABLE_STRICT_OBJC_MSGSEND = YES;
				GCC_C_LANGUAGE_STANDARD = gnu99;
				GCC_NO_COMMON_BLOCKS = YES;
				GCC_WARN_64_TO_32_BIT_CONVERSION = YES;
				GCC_WARN_ABOUT_RETURN_TYPE = YES_ERROR;
				GCC_WARN_UNDECLARED_SELECTOR = YES;
				GCC_WARN_UNINITIALIZED_AUTOS = YES_AGGRESSIVE;
				GCC_WARN_UNUSED_FUNCTION = YES;
				GCC_WARN_UNUSED_VARIABLE = YES;
				IPHONEOS_DEPLOYMENT_TARGET = 10.2;
				MTL_ENABLE_DEBUG_INFO = NO;
				SDKROOT = iphoneos;
				VALIDATE_PRODUCT = YES;
			};
			name = Release;
		};
		7CF8D59E1E1EB0A500041DAB /* Debug */ = {
			isa = XCBuildConfiguration;
			baseConfigurationReference = B1359B43841A1206C1516D28 /* Pods-Cooking.debug.xcconfig */;
			buildSettings = {
				ASSETCATALOG_COMPILER_APPICON_NAME = AppIcon;
				DEVELOPMENT_TEAM = 754TY7VH2R;
				GCC_PREFIX_HEADER = Cooking/PrefixHeader.pch;
				INFOPLIST_FILE = Cooking/Info.plist;
				LD_RUNPATH_SEARCH_PATHS = "$(inherited) @executable_path/Frameworks";
				PRODUCT_BUNDLE_IDENTIFIER = hi.universe.Cooking;
				PRODUCT_NAME = "$(TARGET_NAME)";
			};
			name = Debug;
		};
		7CF8D59F1E1EB0A500041DAB /* Release */ = {
			isa = XCBuildConfiguration;
			baseConfigurationReference = 8068E23C23649D1453555202 /* Pods-Cooking.release.xcconfig */;
			buildSettings = {
				ASSETCATALOG_COMPILER_APPICON_NAME = AppIcon;
				DEVELOPMENT_TEAM = 754TY7VH2R;
				GCC_PREFIX_HEADER = Cooking/PrefixHeader.pch;
				INFOPLIST_FILE = Cooking/Info.plist;
				LD_RUNPATH_SEARCH_PATHS = "$(inherited) @executable_path/Frameworks";
				PRODUCT_BUNDLE_IDENTIFIER = hi.universe.Cooking;
				PRODUCT_NAME = "$(TARGET_NAME)";
			};
			name = Release;
		};
		7CF8D5A11E1EB0A500041DAB /* Debug */ = {
			isa = XCBuildConfiguration;
			buildSettings = {
				BUNDLE_LOADER = "$(TEST_HOST)";
				INFOPLIST_FILE = CookingTests/Info.plist;
				LD_RUNPATH_SEARCH_PATHS = "$(inherited) @executable_path/Frameworks @loader_path/Frameworks";
				PRODUCT_BUNDLE_IDENTIFIER = hi.universe.CookingTests;
				PRODUCT_NAME = "$(TARGET_NAME)";
				TEST_HOST = "$(BUILT_PRODUCTS_DIR)/Cooking.app/Cooking";
			};
			name = Debug;
		};
		7CF8D5A21E1EB0A500041DAB /* Release */ = {
			isa = XCBuildConfiguration;
			buildSettings = {
				BUNDLE_LOADER = "$(TEST_HOST)";
				INFOPLIST_FILE = CookingTests/Info.plist;
				LD_RUNPATH_SEARCH_PATHS = "$(inherited) @executable_path/Frameworks @loader_path/Frameworks";
				PRODUCT_BUNDLE_IDENTIFIER = hi.universe.CookingTests;
				PRODUCT_NAME = "$(TARGET_NAME)";
				TEST_HOST = "$(BUILT_PRODUCTS_DIR)/Cooking.app/Cooking";
			};
			name = Release;
		};
		7CF8D5A41E1EB0A500041DAB /* Debug */ = {
			isa = XCBuildConfiguration;
			buildSettings = {
				INFOPLIST_FILE = CookingUITests/Info.plist;
				LD_RUNPATH_SEARCH_PATHS = "$(inherited) @executable_path/Frameworks @loader_path/Frameworks";
				PRODUCT_BUNDLE_IDENTIFIER = hi.universe.CookingUITests;
				PRODUCT_NAME = "$(TARGET_NAME)";
				TEST_TARGET_NAME = Cooking;
			};
			name = Debug;
		};
		7CF8D5A51E1EB0A500041DAB /* Release */ = {
			isa = XCBuildConfiguration;
			buildSettings = {
				INFOPLIST_FILE = CookingUITests/Info.plist;
				LD_RUNPATH_SEARCH_PATHS = "$(inherited) @executable_path/Frameworks @loader_path/Frameworks";
				PRODUCT_BUNDLE_IDENTIFIER = hi.universe.CookingUITests;
				PRODUCT_NAME = "$(TARGET_NAME)";
				TEST_TARGET_NAME = Cooking;
			};
			name = Release;
		};
/* End XCBuildConfiguration section */

/* Begin XCConfigurationList section */
		7CF8D56B1E1EB0A500041DAB /* Build configuration list for PBXProject "Cooking" */ = {
			isa = XCConfigurationList;
			buildConfigurations = (
				7CF8D59B1E1EB0A500041DAB /* Debug */,
				7CF8D59C1E1EB0A500041DAB /* Release */,
			);
			defaultConfigurationIsVisible = 0;
			defaultConfigurationName = Release;
		};
		7CF8D59D1E1EB0A500041DAB /* Build configuration list for PBXNativeTarget "Cooking" */ = {
			isa = XCConfigurationList;
			buildConfigurations = (
				7CF8D59E1E1EB0A500041DAB /* Debug */,
				7CF8D59F1E1EB0A500041DAB /* Release */,
			);
			defaultConfigurationIsVisible = 0;
			defaultConfigurationName = Release;
		};
		7CF8D5A01E1EB0A500041DAB /* Build configuration list for PBXNativeTarget "CookingTests" */ = {
			isa = XCConfigurationList;
			buildConfigurations = (
				7CF8D5A11E1EB0A500041DAB /* Debug */,
				7CF8D5A21E1EB0A500041DAB /* Release */,
			);
			defaultConfigurationIsVisible = 0;
			defaultConfigurationName = Release;
		};
		7CF8D5A31E1EB0A500041DAB /* Build configuration list for PBXNativeTarget "CookingUITests" */ = {
			isa = XCConfigurationList;
			buildConfigurations = (
				7CF8D5A41E1EB0A500041DAB /* Debug */,
				7CF8D5A51E1EB0A500041DAB /* Release */,
			);
			defaultConfigurationIsVisible = 0;
			defaultConfigurationName = Release;
		};
/* End XCConfigurationList section */
	};
	rootObject = 7CF8D5681E1EB0A500041DAB /* Project object */;
}
